// !$*UTF8*$!
{
	archiveVersion = 1;
	classes = {
	};
	objectVersion = 46;
	objects = {

/* Begin PBXBuildFile section */
		3E3B734F18F9F003003918FB /* OpenSans-Bold.ttf in Resources */ = {isa = PBXBuildFile; fileRef = 3E3B734518F9F003003918FB /* OpenSans-Bold.ttf */; };
		3E3B735018F9F003003918FB /* OpenSans-BoldItalic.ttf in Resources */ = {isa = PBXBuildFile; fileRef = 3E3B734618F9F003003918FB /* OpenSans-BoldItalic.ttf */; };
		3E3B735118F9F003003918FB /* OpenSans-ExtraBold.ttf in Resources */ = {isa = PBXBuildFile; fileRef = 3E3B734718F9F003003918FB /* OpenSans-ExtraBold.ttf */; };
		3E3B735218F9F003003918FB /* OpenSans-ExtraBoldItalic.ttf in Resources */ = {isa = PBXBuildFile; fileRef = 3E3B734818F9F003003918FB /* OpenSans-ExtraBoldItalic.ttf */; };
		3E3B735318F9F003003918FB /* OpenSans-Italic.ttf in Resources */ = {isa = PBXBuildFile; fileRef = 3E3B734918F9F003003918FB /* OpenSans-Italic.ttf */; };
		3E3B735418F9F003003918FB /* OpenSans-Light.ttf in Resources */ = {isa = PBXBuildFile; fileRef = 3E3B734A18F9F003003918FB /* OpenSans-Light.ttf */; };
		3E3B735518F9F003003918FB /* OpenSans-LightItalic.ttf in Resources */ = {isa = PBXBuildFile; fileRef = 3E3B734B18F9F003003918FB /* OpenSans-LightItalic.ttf */; };
		3E3B735618F9F003003918FB /* OpenSans-Regular.ttf in Resources */ = {isa = PBXBuildFile; fileRef = 3E3B734C18F9F003003918FB /* OpenSans-Regular.ttf */; };
		3E3B735718F9F003003918FB /* OpenSans-Semibold.ttf in Resources */ = {isa = PBXBuildFile; fileRef = 3E3B734D18F9F003003918FB /* OpenSans-Semibold.ttf */; };
		3E3B735818F9F003003918FB /* OpenSans-SemiboldItalic.ttf in Resources */ = {isa = PBXBuildFile; fileRef = 3E3B734E18F9F003003918FB /* OpenSans-SemiboldItalic.ttf */; };
		FC674C3818F95B29001D68CE /* libicucore.dylib in Frameworks */ = {isa = PBXBuildFile; fileRef = FC674C3718F95B29001D68CE /* libicucore.dylib */; };
		FC674C3A18F95B30001D68CE /* libc++.dylib in Frameworks */ = {isa = PBXBuildFile; fileRef = FC674C3918F95B30001D68CE /* libc++.dylib */; };
		FC674C3C18F95B38001D68CE /* CFNetwork.framework in Frameworks */ = {isa = PBXBuildFile; fileRef = FC674C3B18F95B38001D68CE /* CFNetwork.framework */; };
		FC674C3E18F95B42001D68CE /* Security.framework in Frameworks */ = {isa = PBXBuildFile; fileRef = FC674C3D18F95B42001D68CE /* Security.framework */; };
		FC674C4018F95B4C001D68CE /* SystemConfiguration.framework in Frameworks */ = {isa = PBXBuildFile; fileRef = FC674C3F18F95B4C001D68CE /* SystemConfiguration.framework */; };
		FC8BDC7F18F9921E00A18FE4 /* Person.m in Sources */ = {isa = PBXBuildFile; fileRef = FC8BDC7E18F9921E00A18FE4 /* Person.m */; };
		FC8BDC8218F9922B00A18FE4 /* Event.m in Sources */ = {isa = PBXBuildFile; fileRef = FC8BDC8118F9922B00A18FE4 /* Event.m */; };
		FC8BDCA218F99E0300A18FE4 /* NSData+ImageContentType.m in Sources */ = {isa = PBXBuildFile; fileRef = FC8BDC8718F99E0300A18FE4 /* NSData+ImageContentType.m */; };
		FC8BDCA318F99E0300A18FE4 /* SDImageCache.m in Sources */ = {isa = PBXBuildFile; fileRef = FC8BDC8918F99E0300A18FE4 /* SDImageCache.m */; };
		FC8BDCA418F99E0300A18FE4 /* SDWebImageCompat.m in Sources */ = {isa = PBXBuildFile; fileRef = FC8BDC8B18F99E0300A18FE4 /* SDWebImageCompat.m */; };
		FC8BDCA518F99E0300A18FE4 /* SDWebImageDecoder.m in Sources */ = {isa = PBXBuildFile; fileRef = FC8BDC8D18F99E0300A18FE4 /* SDWebImageDecoder.m */; };
		FC8BDCA618F99E0300A18FE4 /* SDWebImageDownloader.m in Sources */ = {isa = PBXBuildFile; fileRef = FC8BDC8F18F99E0300A18FE4 /* SDWebImageDownloader.m */; };
		FC8BDCA718F99E0300A18FE4 /* SDWebImageDownloaderOperation.m in Sources */ = {isa = PBXBuildFile; fileRef = FC8BDC9118F99E0300A18FE4 /* SDWebImageDownloaderOperation.m */; };
		FC8BDCA818F99E0300A18FE4 /* SDWebImageManager.m in Sources */ = {isa = PBXBuildFile; fileRef = FC8BDC9318F99E0300A18FE4 /* SDWebImageManager.m */; };
		FC8BDCA918F99E0300A18FE4 /* SDWebImagePrefetcher.m in Sources */ = {isa = PBXBuildFile; fileRef = FC8BDC9618F99E0300A18FE4 /* SDWebImagePrefetcher.m */; };
		FC8BDCAA18F99E0300A18FE4 /* UIButton+WebCache.m in Sources */ = {isa = PBXBuildFile; fileRef = FC8BDC9818F99E0300A18FE4 /* UIButton+WebCache.m */; };
		FC8BDCAB18F99E0300A18FE4 /* UIImage+GIF.m in Sources */ = {isa = PBXBuildFile; fileRef = FC8BDC9A18F99E0300A18FE4 /* UIImage+GIF.m */; };
		FC8BDCAC18F99E0300A18FE4 /* UIImage+MultiFormat.m in Sources */ = {isa = PBXBuildFile; fileRef = FC8BDC9C18F99E0300A18FE4 /* UIImage+MultiFormat.m */; };
		FC8BDCAD18F99E0300A18FE4 /* UIImage+WebP.m in Sources */ = {isa = PBXBuildFile; fileRef = FC8BDC9E18F99E0300A18FE4 /* UIImage+WebP.m */; };
		FC8BDCAE18F99E0300A18FE4 /* UIImageView+WebCache.m in Sources */ = {isa = PBXBuildFile; fileRef = FC8BDCA018F99E0300A18FE4 /* UIImageView+WebCache.m */; };
		FCB6E94C18F9181800A7328A /* Foundation.framework in Frameworks */ = {isa = PBXBuildFile; fileRef = FCB6E94B18F9181800A7328A /* Foundation.framework */; };
		FCB6E94E18F9181800A7328A /* CoreGraphics.framework in Frameworks */ = {isa = PBXBuildFile; fileRef = FCB6E94D18F9181800A7328A /* CoreGraphics.framework */; };
		FCB6E95018F9181800A7328A /* UIKit.framework in Frameworks */ = {isa = PBXBuildFile; fileRef = FCB6E94F18F9181800A7328A /* UIKit.framework */; };
		FCB6E95618F9181800A7328A /* InfoPlist.strings in Resources */ = {isa = PBXBuildFile; fileRef = FCB6E95418F9181800A7328A /* InfoPlist.strings */; };
		FCB6E95818F9181800A7328A /* main.m in Sources */ = {isa = PBXBuildFile; fileRef = FCB6E95718F9181800A7328A /* main.m */; };
		FCB6E95C18F9181800A7328A /* AppDelegate.m in Sources */ = {isa = PBXBuildFile; fileRef = FCB6E95B18F9181800A7328A /* AppDelegate.m */; };
		FCB6E95F18F9181800A7328A /* Main.storyboard in Resources */ = {isa = PBXBuildFile; fileRef = FCB6E95D18F9181800A7328A /* Main.storyboard */; };
		FCB6E96218F9181800A7328A /* ViewController.m in Sources */ = {isa = PBXBuildFile; fileRef = FCB6E96118F9181800A7328A /* ViewController.m */; };
		FCB6E96418F9181800A7328A /* Images.xcassets in Resources */ = {isa = PBXBuildFile; fileRef = FCB6E96318F9181800A7328A /* Images.xcassets */; };
		FCB6E96B18F9181800A7328A /* XCTest.framework in Frameworks */ = {isa = PBXBuildFile; fileRef = FCB6E96A18F9181800A7328A /* XCTest.framework */; };
		FCB6E96C18F9181800A7328A /* Foundation.framework in Frameworks */ = {isa = PBXBuildFile; fileRef = FCB6E94B18F9181800A7328A /* Foundation.framework */; };
		FCB6E96D18F9181800A7328A /* UIKit.framework in Frameworks */ = {isa = PBXBuildFile; fileRef = FCB6E94F18F9181800A7328A /* UIKit.framework */; };
		FCB6E97518F9181800A7328A /* InfoPlist.strings in Resources */ = {isa = PBXBuildFile; fileRef = FCB6E97318F9181800A7328A /* InfoPlist.strings */; };
		FCB6E97718F9181800A7328A /* FastCheckiPadTests.m in Sources */ = {isa = PBXBuildFile; fileRef = FCB6E97618F9181800A7328A /* FastCheckiPadTests.m */; };
		FCB6E98B18F951E300A7328A /* CoreLocation.framework in Frameworks */ = {isa = PBXBuildFile; fileRef = FCB6E98A18F951E300A7328A /* CoreLocation.framework */; };
		FCB6E98D18F951E800A7328A /* CoreBluetooth.framework in Frameworks */ = {isa = PBXBuildFile; fileRef = FCB6E98C18F951E800A7328A /* CoreBluetooth.framework */; };
		FCCE1F2718F966BE000255CD /* JGBeacon.m in Sources */ = {isa = PBXBuildFile; fileRef = FCCE1F2118F966BE000255CD /* JGBeacon.m */; };
		FCCE1F2818F966BE000255CD /* JGReceiveBeacon.m in Sources */ = {isa = PBXBuildFile; fileRef = FCCE1F2318F966BE000255CD /* JGReceiveBeacon.m */; };
		FCCE1F2918F966BE000255CD /* JGSendBeacon.m in Sources */ = {isa = PBXBuildFile; fileRef = FCCE1F2518F966BE000255CD /* JGSendBeacon.m */; };
/* End PBXBuildFile section */

/* Begin PBXContainerItemProxy section */
		FCB6E96E18F9181800A7328A /* PBXContainerItemProxy */ = {
			isa = PBXContainerItemProxy;
			containerPortal = FCB6E94018F9181800A7328A /* Project object */;
			proxyType = 1;
			remoteGlobalIDString = FCB6E94718F9181800A7328A;
			remoteInfo = FastCheckiPad;
		};
/* End PBXContainerItemProxy section */

/* Begin PBXFileReference section */
		3E3B734518F9F003003918FB /* OpenSans-Bold.ttf */ = {isa = PBXFileReference; lastKnownFileType = file; path = "OpenSans-Bold.ttf"; sourceTree = "<group>"; };
		3E3B734618F9F003003918FB /* OpenSans-BoldItalic.ttf */ = {isa = PBXFileReference; lastKnownFileType = file; path = "OpenSans-BoldItalic.ttf"; sourceTree = "<group>"; };
		3E3B734718F9F003003918FB /* OpenSans-ExtraBold.ttf */ = {isa = PBXFileReference; lastKnownFileType = file; path = "OpenSans-ExtraBold.ttf"; sourceTree = "<group>"; };
		3E3B734818F9F003003918FB /* OpenSans-ExtraBoldItalic.ttf */ = {isa = PBXFileReference; lastKnownFileType = file; path = "OpenSans-ExtraBoldItalic.ttf"; sourceTree = "<group>"; };
		3E3B734918F9F003003918FB /* OpenSans-Italic.ttf */ = {isa = PBXFileReference; lastKnownFileType = file; path = "OpenSans-Italic.ttf"; sourceTree = "<group>"; };
		3E3B734A18F9F003003918FB /* OpenSans-Light.ttf */ = {isa = PBXFileReference; lastKnownFileType = file; path = "OpenSans-Light.ttf"; sourceTree = "<group>"; };
		3E3B734B18F9F003003918FB /* OpenSans-LightItalic.ttf */ = {isa = PBXFileReference; lastKnownFileType = file; path = "OpenSans-LightItalic.ttf"; sourceTree = "<group>"; };
		3E3B734C18F9F003003918FB /* OpenSans-Regular.ttf */ = {isa = PBXFileReference; lastKnownFileType = file; path = "OpenSans-Regular.ttf"; sourceTree = "<group>"; };
		3E3B734D18F9F003003918FB /* OpenSans-Semibold.ttf */ = {isa = PBXFileReference; lastKnownFileType = file; path = "OpenSans-Semibold.ttf"; sourceTree = "<group>"; };
		3E3B734E18F9F003003918FB /* OpenSans-SemiboldItalic.ttf */ = {isa = PBXFileReference; lastKnownFileType = file; path = "OpenSans-SemiboldItalic.ttf"; sourceTree = "<group>"; };
		FC674C3718F95B29001D68CE /* libicucore.dylib */ = {isa = PBXFileReference; lastKnownFileType = "compiled.mach-o.dylib"; name = libicucore.dylib; path = usr/lib/libicucore.dylib; sourceTree = SDKROOT; };
		FC674C3918F95B30001D68CE /* libc++.dylib */ = {isa = PBXFileReference; lastKnownFileType = "compiled.mach-o.dylib"; name = "libc++.dylib"; path = "usr/lib/libc++.dylib"; sourceTree = SDKROOT; };
		FC674C3B18F95B38001D68CE /* CFNetwork.framework */ = {isa = PBXFileReference; lastKnownFileType = wrapper.framework; name = CFNetwork.framework; path = System/Library/Frameworks/CFNetwork.framework; sourceTree = SDKROOT; };
		FC674C3D18F95B42001D68CE /* Security.framework */ = {isa = PBXFileReference; lastKnownFileType = wrapper.framework; name = Security.framework; path = System/Library/Frameworks/Security.framework; sourceTree = SDKROOT; };
		FC674C3F18F95B4C001D68CE /* SystemConfiguration.framework */ = {isa = PBXFileReference; lastKnownFileType = wrapper.framework; name = SystemConfiguration.framework; path = System/Library/Frameworks/SystemConfiguration.framework; sourceTree = SDKROOT; };
		FC8BDC7D18F9921E00A18FE4 /* Person.h */ = {isa = PBXFileReference; fileEncoding = 4; lastKnownFileType = sourcecode.c.h; path = Person.h; sourceTree = "<group>"; };
		FC8BDC7E18F9921E00A18FE4 /* Person.m */ = {isa = PBXFileReference; fileEncoding = 4; lastKnownFileType = sourcecode.c.objc; path = Person.m; sourceTree = "<group>"; };
		FC8BDC8018F9922B00A18FE4 /* Event.h */ = {isa = PBXFileReference; fileEncoding = 4; lastKnownFileType = sourcecode.c.h; path = Event.h; sourceTree = "<group>"; };
		FC8BDC8118F9922B00A18FE4 /* Event.m */ = {isa = PBXFileReference; fileEncoding = 4; lastKnownFileType = sourcecode.c.objc; path = Event.m; sourceTree = "<group>"; };
		FC8BDC8618F99E0300A18FE4 /* NSData+ImageContentType.h */ = {isa = PBXFileReference; fileEncoding = 4; lastKnownFileType = sourcecode.c.h; name = "NSData+ImageContentType.h"; path = "../../../SDWebImage/NSData+ImageContentType.h"; sourceTree = "<group>"; };
		FC8BDC8718F99E0300A18FE4 /* NSData+ImageContentType.m */ = {isa = PBXFileReference; fileEncoding = 4; lastKnownFileType = sourcecode.c.objc; name = "NSData+ImageContentType.m"; path = "../../../SDWebImage/NSData+ImageContentType.m"; sourceTree = "<group>"; };
		FC8BDC8818F99E0300A18FE4 /* SDImageCache.h */ = {isa = PBXFileReference; fileEncoding = 4; lastKnownFileType = sourcecode.c.h; name = SDImageCache.h; path = ../../../SDWebImage/SDImageCache.h; sourceTree = "<group>"; };
		FC8BDC8918F99E0300A18FE4 /* SDImageCache.m */ = {isa = PBXFileReference; fileEncoding = 4; lastKnownFileType = sourcecode.c.objc; name = SDImageCache.m; path = ../../../SDWebImage/SDImageCache.m; sourceTree = "<group>"; };
		FC8BDC8A18F99E0300A18FE4 /* SDWebImageCompat.h */ = {isa = PBXFileReference; fileEncoding = 4; lastKnownFileType = sourcecode.c.h; name = SDWebImageCompat.h; path = ../../../SDWebImage/SDWebImageCompat.h; sourceTree = "<group>"; };
		FC8BDC8B18F99E0300A18FE4 /* SDWebImageCompat.m */ = {isa = PBXFileReference; fileEncoding = 4; lastKnownFileType = sourcecode.c.objc; name = SDWebImageCompat.m; path = ../../../SDWebImage/SDWebImageCompat.m; sourceTree = "<group>"; };
		FC8BDC8C18F99E0300A18FE4 /* SDWebImageDecoder.h */ = {isa = PBXFileReference; fileEncoding = 4; lastKnownFileType = sourcecode.c.h; name = SDWebImageDecoder.h; path = ../../../SDWebImage/SDWebImageDecoder.h; sourceTree = "<group>"; };
		FC8BDC8D18F99E0300A18FE4 /* SDWebImageDecoder.m */ = {isa = PBXFileReference; fileEncoding = 4; lastKnownFileType = sourcecode.c.objc; name = SDWebImageDecoder.m; path = ../../../SDWebImage/SDWebImageDecoder.m; sourceTree = "<group>"; };
		FC8BDC8E18F99E0300A18FE4 /* SDWebImageDownloader.h */ = {isa = PBXFileReference; fileEncoding = 4; lastKnownFileType = sourcecode.c.h; name = SDWebImageDownloader.h; path = ../../../SDWebImage/SDWebImageDownloader.h; sourceTree = "<group>"; };
		FC8BDC8F18F99E0300A18FE4 /* SDWebImageDownloader.m */ = {isa = PBXFileReference; fileEncoding = 4; lastKnownFileType = sourcecode.c.objc; name = SDWebImageDownloader.m; path = ../../../SDWebImage/SDWebImageDownloader.m; sourceTree = "<group>"; };
		FC8BDC9018F99E0300A18FE4 /* SDWebImageDownloaderOperation.h */ = {isa = PBXFileReference; fileEncoding = 4; lastKnownFileType = sourcecode.c.h; name = SDWebImageDownloaderOperation.h; path = ../../../SDWebImage/SDWebImageDownloaderOperation.h; sourceTree = "<group>"; };
		FC8BDC9118F99E0300A18FE4 /* SDWebImageDownloaderOperation.m */ = {isa = PBXFileReference; fileEncoding = 4; lastKnownFileType = sourcecode.c.objc; name = SDWebImageDownloaderOperation.m; path = ../../../SDWebImage/SDWebImageDownloaderOperation.m; sourceTree = "<group>"; };
		FC8BDC9218F99E0300A18FE4 /* SDWebImageManager.h */ = {isa = PBXFileReference; fileEncoding = 4; lastKnownFileType = sourcecode.c.h; name = SDWebImageManager.h; path = ../../../SDWebImage/SDWebImageManager.h; sourceTree = "<group>"; };
		FC8BDC9318F99E0300A18FE4 /* SDWebImageManager.m */ = {isa = PBXFileReference; fileEncoding = 4; lastKnownFileType = sourcecode.c.objc; name = SDWebImageManager.m; path = ../../../SDWebImage/SDWebImageManager.m; sourceTree = "<group>"; };
		FC8BDC9418F99E0300A18FE4 /* SDWebImageOperation.h */ = {isa = PBXFileReference; fileEncoding = 4; lastKnownFileType = sourcecode.c.h; name = SDWebImageOperation.h; path = ../../../SDWebImage/SDWebImageOperation.h; sourceTree = "<group>"; };
		FC8BDC9518F99E0300A18FE4 /* SDWebImagePrefetcher.h */ = {isa = PBXFileReference; fileEncoding = 4; lastKnownFileType = sourcecode.c.h; name = SDWebImagePrefetcher.h; path = ../../../SDWebImage/SDWebImagePrefetcher.h; sourceTree = "<group>"; };
		FC8BDC9618F99E0300A18FE4 /* SDWebImagePrefetcher.m */ = {isa = PBXFileReference; fileEncoding = 4; lastKnownFileType = sourcecode.c.objc; name = SDWebImagePrefetcher.m; path = ../../../SDWebImage/SDWebImagePrefetcher.m; sourceTree = "<group>"; };
		FC8BDC9718F99E0300A18FE4 /* UIButton+WebCache.h */ = {isa = PBXFileReference; fileEncoding = 4; lastKnownFileType = sourcecode.c.h; name = "UIButton+WebCache.h"; path = "../../../SDWebImage/UIButton+WebCache.h"; sourceTree = "<group>"; };
		FC8BDC9818F99E0300A18FE4 /* UIButton+WebCache.m */ = {isa = PBXFileReference; fileEncoding = 4; lastKnownFileType = sourcecode.c.objc; name = "UIButton+WebCache.m"; path = "../../../SDWebImage/UIButton+WebCache.m"; sourceTree = "<group>"; };
		FC8BDC9918F99E0300A18FE4 /* UIImage+GIF.h */ = {isa = PBXFileReference; fileEncoding = 4; lastKnownFileType = sourcecode.c.h; name = "UIImage+GIF.h"; path = "../../../SDWebImage/UIImage+GIF.h"; sourceTree = "<group>"; };
		FC8BDC9A18F99E0300A18FE4 /* UIImage+GIF.m */ = {isa = PBXFileReference; fileEncoding = 4; lastKnownFileType = sourcecode.c.objc; name = "UIImage+GIF.m"; path = "../../../SDWebImage/UIImage+GIF.m"; sourceTree = "<group>"; };
		FC8BDC9B18F99E0300A18FE4 /* UIImage+MultiFormat.h */ = {isa = PBXFileReference; fileEncoding = 4; lastKnownFileType = sourcecode.c.h; name = "UIImage+MultiFormat.h"; path = "../../../SDWebImage/UIImage+MultiFormat.h"; sourceTree = "<group>"; };
		FC8BDC9C18F99E0300A18FE4 /* UIImage+MultiFormat.m */ = {isa = PBXFileReference; fileEncoding = 4; lastKnownFileType = sourcecode.c.objc; name = "UIImage+MultiFormat.m"; path = "../../../SDWebImage/UIImage+MultiFormat.m"; sourceTree = "<group>"; };
		FC8BDC9D18F99E0300A18FE4 /* UIImage+WebP.h */ = {isa = PBXFileReference; fileEncoding = 4; lastKnownFileType = sourcecode.c.h; name = "UIImage+WebP.h"; path = "../../../SDWebImage/UIImage+WebP.h"; sourceTree = "<group>"; };
		FC8BDC9E18F99E0300A18FE4 /* UIImage+WebP.m */ = {isa = PBXFileReference; fileEncoding = 4; lastKnownFileType = sourcecode.c.objc; name = "UIImage+WebP.m"; path = "../../../SDWebImage/UIImage+WebP.m"; sourceTree = "<group>"; };
		FC8BDC9F18F99E0300A18FE4 /* UIImageView+WebCache.h */ = {isa = PBXFileReference; fileEncoding = 4; lastKnownFileType = sourcecode.c.h; name = "UIImageView+WebCache.h"; path = "../../../SDWebImage/UIImageView+WebCache.h"; sourceTree = "<group>"; };
		FC8BDCA018F99E0300A18FE4 /* UIImageView+WebCache.m */ = {isa = PBXFileReference; fileEncoding = 4; lastKnownFileType = sourcecode.c.objc; name = "UIImageView+WebCache.m"; path = "../../../SDWebImage/UIImageView+WebCache.m"; sourceTree = "<group>"; };
		FCB6E94818F9181800A7328A /* FastCheckiPad.app */ = {isa = PBXFileReference; explicitFileType = wrapper.application; includeInIndex = 0; path = FastCheckiPad.app; sourceTree = BUILT_PRODUCTS_DIR; };
		FCB6E94B18F9181800A7328A /* Foundation.framework */ = {isa = PBXFileReference; lastKnownFileType = wrapper.framework; name = Foundation.framework; path = System/Library/Frameworks/Foundation.framework; sourceTree = SDKROOT; };
		FCB6E94D18F9181800A7328A /* CoreGraphics.framework */ = {isa = PBXFileReference; lastKnownFileType = wrapper.framework; name = CoreGraphics.framework; path = System/Library/Frameworks/CoreGraphics.framework; sourceTree = SDKROOT; };
		FCB6E94F18F9181800A7328A /* UIKit.framework */ = {isa = PBXFileReference; lastKnownFileType = wrapper.framework; name = UIKit.framework; path = System/Library/Frameworks/UIKit.framework; sourceTree = SDKROOT; };
		FCB6E95318F9181800A7328A /* FastCheckiPad-Info.plist */ = {isa = PBXFileReference; lastKnownFileType = text.plist.xml; path = "FastCheckiPad-Info.plist"; sourceTree = "<group>"; };
		FCB6E95518F9181800A7328A /* en */ = {isa = PBXFileReference; lastKnownFileType = text.plist.strings; name = en; path = en.lproj/InfoPlist.strings; sourceTree = "<group>"; };
		FCB6E95718F9181800A7328A /* main.m */ = {isa = PBXFileReference; lastKnownFileType = sourcecode.c.objc; path = main.m; sourceTree = "<group>"; };
		FCB6E95918F9181800A7328A /* FastCheckiPad-Prefix.pch */ = {isa = PBXFileReference; lastKnownFileType = sourcecode.c.h; path = "FastCheckiPad-Prefix.pch"; sourceTree = "<group>"; };
		FCB6E95A18F9181800A7328A /* AppDelegate.h */ = {isa = PBXFileReference; lastKnownFileType = sourcecode.c.h; path = AppDelegate.h; sourceTree = "<group>"; };
		FCB6E95B18F9181800A7328A /* AppDelegate.m */ = {isa = PBXFileReference; lastKnownFileType = sourcecode.c.objc; path = AppDelegate.m; sourceTree = "<group>"; };
		FCB6E95E18F9181800A7328A /* Base */ = {isa = PBXFileReference; lastKnownFileType = file.storyboard; name = Base; path = Base.lproj/Main.storyboard; sourceTree = "<group>"; };
		FCB6E96018F9181800A7328A /* ViewController.h */ = {isa = PBXFileReference; lastKnownFileType = sourcecode.c.h; path = ViewController.h; sourceTree = "<group>"; };
		FCB6E96118F9181800A7328A /* ViewController.m */ = {isa = PBXFileReference; lastKnownFileType = sourcecode.c.objc; path = ViewController.m; sourceTree = "<group>"; };
		FCB6E96318F9181800A7328A /* Images.xcassets */ = {isa = PBXFileReference; lastKnownFileType = folder.assetcatalog; path = Images.xcassets; sourceTree = "<group>"; };
		FCB6E96918F9181800A7328A /* FastCheckiPadTests.xctest */ = {isa = PBXFileReference; explicitFileType = wrapper.cfbundle; includeInIndex = 0; path = FastCheckiPadTests.xctest; sourceTree = BUILT_PRODUCTS_DIR; };
		FCB6E96A18F9181800A7328A /* XCTest.framework */ = {isa = PBXFileReference; lastKnownFileType = wrapper.framework; name = XCTest.framework; path = Library/Frameworks/XCTest.framework; sourceTree = DEVELOPER_DIR; };
		FCB6E97218F9181800A7328A /* FastCheckiPadTests-Info.plist */ = {isa = PBXFileReference; lastKnownFileType = text.plist.xml; path = "FastCheckiPadTests-Info.plist"; sourceTree = "<group>"; };
		FCB6E97418F9181800A7328A /* en */ = {isa = PBXFileReference; lastKnownFileType = text.plist.strings; name = en; path = en.lproj/InfoPlist.strings; sourceTree = "<group>"; };
		FCB6E97618F9181800A7328A /* FastCheckiPadTests.m */ = {isa = PBXFileReference; lastKnownFileType = sourcecode.c.objc; path = FastCheckiPadTests.m; sourceTree = "<group>"; };
		FCB6E98A18F951E300A7328A /* CoreLocation.framework */ = {isa = PBXFileReference; lastKnownFileType = wrapper.framework; name = CoreLocation.framework; path = System/Library/Frameworks/CoreLocation.framework; sourceTree = SDKROOT; };
		FCB6E98C18F951E800A7328A /* CoreBluetooth.framework */ = {isa = PBXFileReference; lastKnownFileType = wrapper.framework; name = CoreBluetooth.framework; path = System/Library/Frameworks/CoreBluetooth.framework; sourceTree = SDKROOT; };
		FCCE1F2018F966BE000255CD /* JGBeacon.h */ = {isa = PBXFileReference; fileEncoding = 4; lastKnownFileType = sourcecode.c.h; name = JGBeacon.h; path = ../../../JGBeacon/JGBeacon.h; sourceTree = "<group>"; };
		FCCE1F2118F966BE000255CD /* JGBeacon.m */ = {isa = PBXFileReference; fileEncoding = 4; lastKnownFileType = sourcecode.c.objc; name = JGBeacon.m; path = ../../../JGBeacon/JGBeacon.m; sourceTree = "<group>"; };
		FCCE1F2218F966BE000255CD /* JGReceiveBeacon.h */ = {isa = PBXFileReference; fileEncoding = 4; lastKnownFileType = sourcecode.c.h; name = JGReceiveBeacon.h; path = ../../../JGBeacon/JGReceiveBeacon.h; sourceTree = "<group>"; };
		FCCE1F2318F966BE000255CD /* JGReceiveBeacon.m */ = {isa = PBXFileReference; fileEncoding = 4; lastKnownFileType = sourcecode.c.objc; name = JGReceiveBeacon.m; path = ../../../JGBeacon/JGReceiveBeacon.m; sourceTree = "<group>"; };
		FCCE1F2418F966BE000255CD /* JGSendBeacon.h */ = {isa = PBXFileReference; fileEncoding = 4; lastKnownFileType = sourcecode.c.h; name = JGSendBeacon.h; path = ../../../JGBeacon/JGSendBeacon.h; sourceTree = "<group>"; };
		FCCE1F2518F966BE000255CD /* JGSendBeacon.m */ = {isa = PBXFileReference; fileEncoding = 4; lastKnownFileType = sourcecode.c.objc; name = JGSendBeacon.m; path = ../../../JGBeacon/JGSendBeacon.m; sourceTree = "<group>"; };
		FCCE1F2618F966BE000255CD /* TransferService.h */ = {isa = PBXFileReference; fileEncoding = 4; lastKnownFileType = sourcecode.c.h; name = TransferService.h; path = ../../../JGBeacon/TransferService.h; sourceTree = "<group>"; };
/* End PBXFileReference section */

/* Begin PBXFrameworksBuildPhase section */
		FCB6E94518F9181800A7328A /* Frameworks */ = {
			isa = PBXFrameworksBuildPhase;
			buildActionMask = 2147483647;
			files = (
				FC674C4018F95B4C001D68CE /* SystemConfiguration.framework in Frameworks */,
				FC674C3E18F95B42001D68CE /* Security.framework in Frameworks */,
				FC674C3C18F95B38001D68CE /* CFNetwork.framework in Frameworks */,
				FC674C3A18F95B30001D68CE /* libc++.dylib in Frameworks */,
				FC674C3818F95B29001D68CE /* libicucore.dylib in Frameworks */,
				FCB6E98D18F951E800A7328A /* CoreBluetooth.framework in Frameworks */,
				FCB6E98B18F951E300A7328A /* CoreLocation.framework in Frameworks */,
				FCB6E94E18F9181800A7328A /* CoreGraphics.framework in Frameworks */,
				FCB6E95018F9181800A7328A /* UIKit.framework in Frameworks */,
				FCB6E94C18F9181800A7328A /* Foundation.framework in Frameworks */,
			);
			runOnlyForDeploymentPostprocessing = 0;
		};
		FCB6E96618F9181800A7328A /* Frameworks */ = {
			isa = PBXFrameworksBuildPhase;
			buildActionMask = 2147483647;
			files = (
				FCB6E96B18F9181800A7328A /* XCTest.framework in Frameworks */,
				FCB6E96D18F9181800A7328A /* UIKit.framework in Frameworks */,
				FCB6E96C18F9181800A7328A /* Foundation.framework in Frameworks */,
			);
			runOnlyForDeploymentPostprocessing = 0;
		};
/* End PBXFrameworksBuildPhase section */

/* Begin PBXGroup section */
		FC8BDC7C18F9920200A18FE4 /* Objects */ = {
			isa = PBXGroup;
			children = (
				FC8BDC7D18F9921E00A18FE4 /* Person.h */,
				FC8BDC7E18F9921E00A18FE4 /* Person.m */,
				FC8BDC8018F9922B00A18FE4 /* Event.h */,
				FC8BDC8118F9922B00A18FE4 /* Event.m */,
			);
			name = Objects;
			sourceTree = "<group>";
		};
		FC8BDC8318F99DF200A18FE4 /* SDWebImage */ = {
			isa = PBXGroup;
			children = (
				FC8BDC8618F99E0300A18FE4 /* NSData+ImageContentType.h */,
				FC8BDC8718F99E0300A18FE4 /* NSData+ImageContentType.m */,
				FC8BDC8818F99E0300A18FE4 /* SDImageCache.h */,
				FC8BDC8918F99E0300A18FE4 /* SDImageCache.m */,
				FC8BDC8A18F99E0300A18FE4 /* SDWebImageCompat.h */,
				FC8BDC8B18F99E0300A18FE4 /* SDWebImageCompat.m */,
				FC8BDC8C18F99E0300A18FE4 /* SDWebImageDecoder.h */,
				FC8BDC8D18F99E0300A18FE4 /* SDWebImageDecoder.m */,
				FC8BDC8E18F99E0300A18FE4 /* SDWebImageDownloader.h */,
				FC8BDC8F18F99E0300A18FE4 /* SDWebImageDownloader.m */,
				FC8BDC9018F99E0300A18FE4 /* SDWebImageDownloaderOperation.h */,
				FC8BDC9118F99E0300A18FE4 /* SDWebImageDownloaderOperation.m */,
				FC8BDC9218F99E0300A18FE4 /* SDWebImageManager.h */,
				FC8BDC9318F99E0300A18FE4 /* SDWebImageManager.m */,
				FC8BDC9418F99E0300A18FE4 /* SDWebImageOperation.h */,
				FC8BDC9518F99E0300A18FE4 /* SDWebImagePrefetcher.h */,
				FC8BDC9618F99E0300A18FE4 /* SDWebImagePrefetcher.m */,
				FC8BDC9718F99E0300A18FE4 /* UIButton+WebCache.h */,
				FC8BDC9818F99E0300A18FE4 /* UIButton+WebCache.m */,
				FC8BDC9918F99E0300A18FE4 /* UIImage+GIF.h */,
				FC8BDC9A18F99E0300A18FE4 /* UIImage+GIF.m */,
				FC8BDC9B18F99E0300A18FE4 /* UIImage+MultiFormat.h */,
				FC8BDC9C18F99E0300A18FE4 /* UIImage+MultiFormat.m */,
				FC8BDC9D18F99E0300A18FE4 /* UIImage+WebP.h */,
				FC8BDC9E18F99E0300A18FE4 /* UIImage+WebP.m */,
				FC8BDC9F18F99E0300A18FE4 /* UIImageView+WebCache.h */,
				FC8BDCA018F99E0300A18FE4 /* UIImageView+WebCache.m */,
			);
			name = SDWebImage;
			sourceTree = "<group>";
		};
		FCB6E93F18F9181800A7328A = {
			isa = PBXGroup;
			children = (
				FCB6E95118F9181800A7328A /* FastCheckiPad */,
				FCB6E97018F9181800A7328A /* FastCheckiPadTests */,
				FCB6E94A18F9181800A7328A /* Frameworks */,
				FCB6E94918F9181800A7328A /* Products */,
			);
			sourceTree = "<group>";
		};
		FCB6E94918F9181800A7328A /* Products */ = {
			isa = PBXGroup;
			children = (
				FCB6E94818F9181800A7328A /* FastCheckiPad.app */,
				FCB6E96918F9181800A7328A /* FastCheckiPadTests.xctest */,
			);
			name = Products;
			sourceTree = "<group>";
		};
		FCB6E94A18F9181800A7328A /* Frameworks */ = {
			isa = PBXGroup;
			children = (
				FC674C3F18F95B4C001D68CE /* SystemConfiguration.framework */,
				FC674C3D18F95B42001D68CE /* Security.framework */,
				FC674C3B18F95B38001D68CE /* CFNetwork.framework */,
				FC674C3918F95B30001D68CE /* libc++.dylib */,
				FC674C3718F95B29001D68CE /* libicucore.dylib */,
				FCB6E98C18F951E800A7328A /* CoreBluetooth.framework */,
				FCB6E98A18F951E300A7328A /* CoreLocation.framework */,
				FCB6E94B18F9181800A7328A /* Foundation.framework */,
				FCB6E94D18F9181800A7328A /* CoreGraphics.framework */,
				FCB6E94F18F9181800A7328A /* UIKit.framework */,
				FCB6E96A18F9181800A7328A /* XCTest.framework */,
			);
			name = Frameworks;
			sourceTree = "<group>";
		};
		FCB6E95118F9181800A7328A /* FastCheckiPad */ = {
			isa = PBXGroup;
			children = (
				FC8BDC8318F99DF200A18FE4 /* SDWebImage */,
				FC8BDC7C18F9920200A18FE4 /* Objects */,
				FCCE1F1F18F966B2000255CD /* JGBeacon */,
				FCB6E95A18F9181800A7328A /* AppDelegate.h */,
				FCB6E95B18F9181800A7328A /* AppDelegate.m */,
				FCB6E95D18F9181800A7328A /* Main.storyboard */,
				FCB6E96018F9181800A7328A /* ViewController.h */,
				FCB6E96118F9181800A7328A /* ViewController.m */,
				FCB6E96318F9181800A7328A /* Images.xcassets */,
				FCB6E95218F9181800A7328A /* Supporting Files */,
			);
			path = FastCheckiPad;
			sourceTree = "<group>";
		};
		FCB6E95218F9181800A7328A /* Supporting Files */ = {
			isa = PBXGroup;
			children = (
				3E3B734518F9F003003918FB /* OpenSans-Bold.ttf */,
				3E3B734618F9F003003918FB /* OpenSans-BoldItalic.ttf */,
				3E3B734718F9F003003918FB /* OpenSans-ExtraBold.ttf */,
				3E3B734818F9F003003918FB /* OpenSans-ExtraBoldItalic.ttf */,
				3E3B734918F9F003003918FB /* OpenSans-Italic.ttf */,
				3E3B734A18F9F003003918FB /* OpenSans-Light.ttf */,
				3E3B734B18F9F003003918FB /* OpenSans-LightItalic.ttf */,
				3E3B734C18F9F003003918FB /* OpenSans-Regular.ttf */,
				3E3B734D18F9F003003918FB /* OpenSans-Semibold.ttf */,
				3E3B734E18F9F003003918FB /* OpenSans-SemiboldItalic.ttf */,
				FCB6E95318F9181800A7328A /* FastCheckiPad-Info.plist */,
				FCB6E95418F9181800A7328A /* InfoPlist.strings */,
				FCB6E95718F9181800A7328A /* main.m */,
				FCB6E95918F9181800A7328A /* FastCheckiPad-Prefix.pch */,
			);
			name = "Supporting Files";
			sourceTree = "<group>";
		};
		FCB6E97018F9181800A7328A /* FastCheckiPadTests */ = {
			isa = PBXGroup;
			children = (
				FCB6E97618F9181800A7328A /* FastCheckiPadTests.m */,
				FCB6E97118F9181800A7328A /* Supporting Files */,
			);
			path = FastCheckiPadTests;
			sourceTree = "<group>";
		};
		FCB6E97118F9181800A7328A /* Supporting Files */ = {
			isa = PBXGroup;
			children = (
				FCB6E97218F9181800A7328A /* FastCheckiPadTests-Info.plist */,
				FCB6E97318F9181800A7328A /* InfoPlist.strings */,
			);
			name = "Supporting Files";
			sourceTree = "<group>";
		};
		FCCE1F1F18F966B2000255CD /* JGBeacon */ = {
			isa = PBXGroup;
			children = (
				FCCE1F2018F966BE000255CD /* JGBeacon.h */,
				FCCE1F2118F966BE000255CD /* JGBeacon.m */,
				FCCE1F2218F966BE000255CD /* JGReceiveBeacon.h */,
				FCCE1F2318F966BE000255CD /* JGReceiveBeacon.m */,
				FCCE1F2418F966BE000255CD /* JGSendBeacon.h */,
				FCCE1F2518F966BE000255CD /* JGSendBeacon.m */,
				FCCE1F2618F966BE000255CD /* TransferService.h */,
			);
			name = JGBeacon;
			sourceTree = "<group>";
		};
/* End PBXGroup section */

/* Begin PBXNativeTarget section */
		FCB6E94718F9181800A7328A /* FastCheckiPad */ = {
			isa = PBXNativeTarget;
			buildConfigurationList = FCB6E97A18F9181800A7328A /* Build configuration list for PBXNativeTarget "FastCheckiPad" */;
			buildPhases = (
				FCB6E94418F9181800A7328A /* Sources */,
				FCB6E94518F9181800A7328A /* Frameworks */,
				FCB6E94618F9181800A7328A /* Resources */,
			);
			buildRules = (
			);
			dependencies = (
			);
			name = FastCheckiPad;
			productName = FastCheckiPad;
			productReference = FCB6E94818F9181800A7328A /* FastCheckiPad.app */;
			productType = "com.apple.product-type.application";
		};
		FCB6E96818F9181800A7328A /* FastCheckiPadTests */ = {
			isa = PBXNativeTarget;
			buildConfigurationList = FCB6E97D18F9181800A7328A /* Build configuration list for PBXNativeTarget "FastCheckiPadTests" */;
			buildPhases = (
				FCB6E96518F9181800A7328A /* Sources */,
				FCB6E96618F9181800A7328A /* Frameworks */,
				FCB6E96718F9181800A7328A /* Resources */,
			);
			buildRules = (
			);
			dependencies = (
				FCB6E96F18F9181800A7328A /* PBXTargetDependency */,
			);
			name = FastCheckiPadTests;
			productName = FastCheckiPadTests;
			productReference = FCB6E96918F9181800A7328A /* FastCheckiPadTests.xctest */;
			productType = "com.apple.product-type.bundle.unit-test";
		};
/* End PBXNativeTarget section */

/* Begin PBXProject section */
		FCB6E94018F9181800A7328A /* Project object */ = {
			isa = PBXProject;
			attributes = {
				LastUpgradeCheck = 0510;
				ORGANIZATIONNAME = "we so cool";
				TargetAttributes = {
					FCB6E96818F9181800A7328A = {
						TestTargetID = FCB6E94718F9181800A7328A;
					};
				};
			};
			buildConfigurationList = FCB6E94318F9181800A7328A /* Build configuration list for PBXProject "FastCheckiPad" */;
			compatibilityVersion = "Xcode 3.2";
			developmentRegion = English;
			hasScannedForEncodings = 0;
			knownRegions = (
				en,
				Base,
			);
			mainGroup = FCB6E93F18F9181800A7328A;
			productRefGroup = FCB6E94918F9181800A7328A /* Products */;
			projectDirPath = "";
			projectRoot = "";
			targets = (
				FCB6E94718F9181800A7328A /* FastCheckiPad */,
				FCB6E96818F9181800A7328A /* FastCheckiPadTests */,
			);
		};
/* End PBXProject section */

/* Begin PBXResourcesBuildPhase section */
		FCB6E94618F9181800A7328A /* Resources */ = {
			isa = PBXResourcesBuildPhase;
			buildActionMask = 2147483647;
			files = (
				3E3B735718F9F003003918FB /* OpenSans-Semibold.ttf in Resources */,
				3E3B735818F9F003003918FB /* OpenSans-SemiboldItalic.ttf in Resources */,
				FCB6E96418F9181800A7328A /* Images.xcassets in Resources */,
				3E3B735618F9F003003918FB /* OpenSans-Regular.ttf in Resources */,
				3E3B735318F9F003003918FB /* OpenSans-Italic.ttf in Resources */,
				3E3B735218F9F003003918FB /* OpenSans-ExtraBoldItalic.ttf in Resources */,
				FCB6E95618F9181800A7328A /* InfoPlist.strings in Resources */,
				3E3B735518F9F003003918FB /* OpenSans-LightItalic.ttf in Resources */,
				3E3B734F18F9F003003918FB /* OpenSans-Bold.ttf in Resources */,
				FCB6E95F18F9181800A7328A /* Main.storyboard in Resources */,
				3E3B735418F9F003003918FB /* OpenSans-Light.ttf in Resources */,
				3E3B735018F9F003003918FB /* OpenSans-BoldItalic.ttf in Resources */,
				3E3B735118F9F003003918FB /* OpenSans-ExtraBold.ttf in Resources */,
			);
			runOnlyForDeploymentPostprocessing = 0;
		};
		FCB6E96718F9181800A7328A /* Resources */ = {
			isa = PBXResourcesBuildPhase;
			buildActionMask = 2147483647;
			files = (
				FCB6E97518F9181800A7328A /* InfoPlist.strings in Resources */,
			);
			runOnlyForDeploymentPostprocessing = 0;
		};
/* End PBXResourcesBuildPhase section */

/* Begin PBXSourcesBuildPhase section */
		FCB6E94418F9181800A7328A /* Sources */ = {
			isa = PBXSourcesBuildPhase;
			buildActionMask = 2147483647;
			files = (
				FC8BDCAE18F99E0300A18FE4 /* UIImageView+WebCache.m in Sources */,
				FC8BDCA518F99E0300A18FE4 /* SDWebImageDecoder.m in Sources */,
				FC8BDCA818F99E0300A18FE4 /* SDWebImageManager.m in Sources */,
				FC8BDCA218F99E0300A18FE4 /* NSData+ImageContentType.m in Sources */,
				FC8BDCA418F99E0300A18FE4 /* SDWebImageCompat.m in Sources */,
				FC8BDCAD18F99E0300A18FE4 /* UIImage+WebP.m in Sources */,
				FCB6E96218F9181800A7328A /* ViewController.m in Sources */,
				FCCE1F2818F966BE000255CD /* JGReceiveBeacon.m in Sources */,
				FC8BDC7F18F9921E00A18FE4 /* Person.m in Sources */,
				FC8BDCAA18F99E0300A18FE4 /* UIButton+WebCache.m in Sources */,
				FC8BDCA918F99E0300A18FE4 /* SDWebImagePrefetcher.m in Sources */,
				FC8BDCA718F99E0300A18FE4 /* SDWebImageDownloaderOperation.m in Sources */,
				FCB6E95C18F9181800A7328A /* AppDelegate.m in Sources */,
				FC8BDC8218F9922B00A18FE4 /* Event.m in Sources */,
				FC8BDCAC18F99E0300A18FE4 /* UIImage+MultiFormat.m in Sources */,
				FCCE1F2718F966BE000255CD /* JGBeacon.m in Sources */,
				FC8BDCA318F99E0300A18FE4 /* SDImageCache.m in Sources */,
				FCCE1F2918F966BE000255CD /* JGSendBeacon.m in Sources */,
				FCB6E95818F9181800A7328A /* main.m in Sources */,
				FC8BDCAB18F99E0300A18FE4 /* UIImage+GIF.m in Sources */,
				FC8BDCA618F99E0300A18FE4 /* SDWebImageDownloader.m in Sources */,
			);
			runOnlyForDeploymentPostprocessing = 0;
		};
		FCB6E96518F9181800A7328A /* Sources */ = {
			isa = PBXSourcesBuildPhase;
			buildActionMask = 2147483647;
			files = (
				FCB6E97718F9181800A7328A /* FastCheckiPadTests.m in Sources */,
			);
			runOnlyForDeploymentPostprocessing = 0;
		};
/* End PBXSourcesBuildPhase section */

/* Begin PBXTargetDependency section */
		FCB6E96F18F9181800A7328A /* PBXTargetDependency */ = {
			isa = PBXTargetDependency;
			target = FCB6E94718F9181800A7328A /* FastCheckiPad */;
			targetProxy = FCB6E96E18F9181800A7328A /* PBXContainerItemProxy */;
		};
/* End PBXTargetDependency section */

/* Begin PBXVariantGroup section */
		FCB6E95418F9181800A7328A /* InfoPlist.strings */ = {
			isa = PBXVariantGroup;
			children = (
				FCB6E95518F9181800A7328A /* en */,
			);
			name = InfoPlist.strings;
			sourceTree = "<group>";
		};
		FCB6E95D18F9181800A7328A /* Main.storyboard */ = {
			isa = PBXVariantGroup;
			children = (
				FCB6E95E18F9181800A7328A /* Base */,
			);
			name = Main.storyboard;
			sourceTree = "<group>";
		};
		FCB6E97318F9181800A7328A /* InfoPlist.strings */ = {
			isa = PBXVariantGroup;
			children = (
				FCB6E97418F9181800A7328A /* en */,
			);
			name = InfoPlist.strings;
			sourceTree = "<group>";
		};
/* End PBXVariantGroup section */

/* Begin XCBuildConfiguration section */
		FCB6E97818F9181800A7328A /* Debug */ = {
			isa = XCBuildConfiguration;
			buildSettings = {
				ALWAYS_SEARCH_USER_PATHS = NO;
				CLANG_CXX_LANGUAGE_STANDARD = "gnu++0x";
				CLANG_CXX_LIBRARY = "libc++";
				CLANG_ENABLE_MODULES = YES;
				CLANG_ENABLE_OBJC_ARC = YES;
				CLANG_WARN_BOOL_CONVERSION = YES;
				CLANG_WARN_CONSTANT_CONVERSION = YES;
				CLANG_WARN_DIRECT_OBJC_ISA_USAGE = YES_ERROR;
				CLANG_WARN_EMPTY_BODY = YES;
				CLANG_WARN_ENUM_CONVERSION = YES;
				CLANG_WARN_INT_CONVERSION = YES;
				CLANG_WARN_OBJC_ROOT_CLASS = YES_ERROR;
				CLANG_WARN__DUPLICATE_METHOD_MATCH = YES;
				"CODE_SIGN_IDENTITY[sdk=iphoneos*]" = "iPhone Developer";
				COPY_PHASE_STRIP = NO;
				GCC_C_LANGUAGE_STANDARD = gnu99;
				GCC_DYNAMIC_NO_PIC = NO;
				GCC_OPTIMIZATION_LEVEL = 0;
				GCC_PREPROCESSOR_DEFINITIONS = (
					"DEBUG=1",
					"$(inherited)",
				);
				GCC_SYMBOLS_PRIVATE_EXTERN = NO;
				GCC_WARN_64_TO_32_BIT_CONVERSION = YES;
				GCC_WARN_ABOUT_RETURN_TYPE = YES_ERROR;
				GCC_WARN_UNDECLARED_SELECTOR = YES;
				GCC_WARN_UNINITIALIZED_AUTOS = YES_AGGRESSIVE;
				GCC_WARN_UNUSED_FUNCTION = YES;
				GCC_WARN_UNUSED_VARIABLE = YES;
				IPHONEOS_DEPLOYMENT_TARGET = 7.1;
				ONLY_ACTIVE_ARCH = YES;
				SDKROOT = iphoneos;
				TARGETED_DEVICE_FAMILY = 2;
			};
			name = Debug;
		};
		FCB6E97918F9181800A7328A /* Release */ = {
			isa = XCBuildConfiguration;
			buildSettings = {
				ALWAYS_SEARCH_USER_PATHS = NO;
				CLANG_CXX_LANGUAGE_STANDARD = "gnu++0x";
				CLANG_CXX_LIBRARY = "libc++";
				CLANG_ENABLE_MODULES = YES;
				CLANG_ENABLE_OBJC_ARC = YES;
				CLANG_WARN_BOOL_CONVERSION = YES;
				CLANG_WARN_CONSTANT_CONVERSION = YES;
				CLANG_WARN_DIRECT_OBJC_ISA_USAGE = YES_ERROR;
				CLANG_WARN_EMPTY_BODY = YES;
				CLANG_WARN_ENUM_CONVERSION = YES;
				CLANG_WARN_INT_CONVERSION = YES;
				CLANG_WARN_OBJC_ROOT_CLASS = YES_ERROR;
				CLANG_WARN__DUPLICATE_METHOD_MATCH = YES;
				"CODE_SIGN_IDENTITY[sdk=iphoneos*]" = "iPhone Developer";
				COPY_PHASE_STRIP = YES;
				ENABLE_NS_ASSERTIONS = NO;
				GCC_C_LANGUAGE_STANDARD = gnu99;
				GCC_WARN_64_TO_32_BIT_CONVERSION = YES;
				GCC_WARN_ABOUT_RETURN_TYPE = YES_ERROR;
				GCC_WARN_UNDECLARED_SELECTOR = YES;
				GCC_WARN_UNINITIALIZED_AUTOS = YES_AGGRESSIVE;
				GCC_WARN_UNUSED_FUNCTION = YES;
				GCC_WARN_UNUSED_VARIABLE = YES;
				IPHONEOS_DEPLOYMENT_TARGET = 7.1;
				SDKROOT = iphoneos;
				TARGETED_DEVICE_FAMILY = 2;
				VALIDATE_PRODUCT = YES;
			};
			name = Release;
		};
		FCB6E97B18F9181800A7328A /* Debug */ = {
			isa = XCBuildConfiguration;
			buildSettings = {
				ASSETCATALOG_COMPILER_APPICON_NAME = AppIcon;
				ASSETCATALOG_COMPILER_LAUNCHIMAGE_NAME = LaunchImage;
				CODE_SIGN_IDENTITY = "iPhone Developer";
				FRAMEWORK_SEARCH_PATHS = (
					"$(inherited)",
					/Users/canzhiye/AppDev/LAHacks,
				);
				GCC_PRECOMPILE_PREFIX_HEADER = YES;
				GCC_PREFIX_HEADER = "FastCheckiPad/FastCheckiPad-Prefix.pch";
				INFOPLIST_FILE = "FastCheckiPad/FastCheckiPad-Info.plist";
				OTHER_LDFLAGS = "-ObjC";
				PRODUCT_NAME = "$(TARGET_NAME)";
				PROVISIONING_PROFILE = "";
				WRAPPER_EXTENSION = app;
			};
			name = Debug;
		};
		FCB6E97C18F9181800A7328A /* Release */ = {
			isa = XCBuildConfiguration;
			buildSettings = {
				ASSETCATALOG_COMPILER_APPICON_NAME = AppIcon;
				ASSETCATALOG_COMPILER_LAUNCHIMAGE_NAME = LaunchImage;
				FRAMEWORK_SEARCH_PATHS = (
					"$(inherited)",
					/Users/canzhiye/AppDev/LAHacks,
				);
				GCC_PRECOMPILE_PREFIX_HEADER = YES;
				GCC_PREFIX_HEADER = "FastCheckiPad/FastCheckiPad-Prefix.pch";
				INFOPLIST_FILE = "FastCheckiPad/FastCheckiPad-Info.plist";
				OTHER_LDFLAGS = "-ObjC";
				PRODUCT_NAME = "$(TARGET_NAME)";
				PROVISIONING_PROFILE = "";
				WRAPPER_EXTENSION = app;
			};
			name = Release;
		};
		FCB6E97E18F9181800A7328A /* Debug */ = {
			isa = XCBuildConfiguration;
			buildSettings = {
				BUNDLE_LOADER = "$(BUILT_PRODUCTS_DIR)/FastCheckiPad.app/FastCheckiPad";
				FRAMEWORK_SEARCH_PATHS = (
					"$(SDKROOT)/Developer/Library/Frameworks",
					"$(inherited)",
					"$(DEVELOPER_FRAMEWORKS_DIR)",
				);
				GCC_PRECOMPILE_PREFIX_HEADER = YES;
				GCC_PREFIX_HEADER = "FastCheckiPad/FastCheckiPad-Prefix.pch";
				GCC_PREPROCESSOR_DEFINITIONS = (
					"DEBUG=1",
					"$(inherited)",
				);
				INFOPLIST_FILE = "FastCheckiPadTests/FastCheckiPadTests-Info.plist";
				PRODUCT_NAME = "$(TARGET_NAME)";
				TEST_HOST = "$(BUNDLE_LOADER)";
				WRAPPER_EXTENSION = xctest;
			};
			name = Debug;
		};
		FCB6E97F18F9181800A7328A /* Release */ = {
			isa = XCBuildConfiguration;
			buildSettings = {
				BUNDLE_LOADER = "$(BUILT_PRODUCTS_DIR)/FastCheckiPad.app/FastCheckiPad";
				FRAMEWORK_SEARCH_PATHS = (
					"$(SDKROOT)/Developer/Library/Frameworks",
					"$(inherited)",
					"$(DEVELOPER_FRAMEWORKS_DIR)",
				);
				GCC_PRECOMPILE_PREFIX_HEADER = YES;
				GCC_PREFIX_HEADER = "FastCheckiPad/FastCheckiPad-Prefix.pch";
				INFOPLIST_FILE = "FastCheckiPadTests/FastCheckiPadTests-Info.plist";
				PRODUCT_NAME = "$(TARGET_NAME)";
				TEST_HOST = "$(BUNDLE_LOADER)";
				WRAPPER_EXTENSION = xctest;
			};
			name = Release;
		};
/* End XCBuildConfiguration section */

/* Begin XCConfigurationList section */
		FCB6E94318F9181800A7328A /* Build configuration list for PBXProject "FastCheckiPad" */ = {
			isa = XCConfigurationList;
			buildConfigurations = (
				FCB6E97818F9181800A7328A /* Debug */,
				FCB6E97918F9181800A7328A /* Release */,
			);
			defaultConfigurationIsVisible = 0;
			defaultConfigurationName = Release;
		};
		FCB6E97A18F9181800A7328A /* Build configuration list for PBXNativeTarget "FastCheckiPad" */ = {
			isa = XCConfigurationList;
			buildConfigurations = (
				FCB6E97B18F9181800A7328A /* Debug */,
				FCB6E97C18F9181800A7328A /* Release */,
			);
			defaultConfigurationIsVisible = 0;
			defaultConfigurationName = Release;
		};
		FCB6E97D18F9181800A7328A /* Build configuration list for PBXNativeTarget "FastCheckiPadTests" */ = {
			isa = XCConfigurationList;
			buildConfigurations = (
				FCB6E97E18F9181800A7328A /* Debug */,
				FCB6E97F18F9181800A7328A /* Release */,
			);
			defaultConfigurationIsVisible = 0;
			defaultConfigurationName = Release;
		};
/* End XCConfigurationList section */
	};
	rootObject = FCB6E94018F9181800A7328A /* Project object */;
}
