// !$*UTF8*$!
{
	archiveVersion = 1;
	classes = {
	};
	objectVersion = 46;
	objects = {

/* Begin PBXBuildFile section */
		3E02267C18FABE420063FFBB /* overlay-icon.png in Resources */ = {isa = PBXBuildFile; fileRef = 3E02267B18FABE420063FFBB /* overlay-icon.png */; };
		3E3B734418F9BADF003918FB /* NSDictionary+BVJSONString.m in Sources */ = {isa = PBXBuildFile; fileRef = 3E3B734318F9BADF003918FB /* NSDictionary+BVJSONString.m */; };
		3E3B736618FA3F45003918FB /* NSObject+SBJSON.m in Sources */ = {isa = PBXBuildFile; fileRef = 3E3B735B18FA3F45003918FB /* NSObject+SBJSON.m */; };
		3E3B736718FA3F45003918FB /* NSString+SBJSON.m in Sources */ = {isa = PBXBuildFile; fileRef = 3E3B735D18FA3F45003918FB /* NSString+SBJSON.m */; };
		3E3B736818FA3F45003918FB /* SBJSON.m in Sources */ = {isa = PBXBuildFile; fileRef = 3E3B735F18FA3F45003918FB /* SBJSON.m */; };
		3E3B736918FA3F45003918FB /* SBJsonBase.m in Sources */ = {isa = PBXBuildFile; fileRef = 3E3B736118FA3F45003918FB /* SBJsonBase.m */; };
		3E3B736A18FA3F45003918FB /* SBJsonParser.m in Sources */ = {isa = PBXBuildFile; fileRef = 3E3B736318FA3F45003918FB /* SBJsonParser.m */; };
		3E3B736B18FA3F45003918FB /* SBJsonWriter.m in Sources */ = {isa = PBXBuildFile; fileRef = 3E3B736518FA3F45003918FB /* SBJsonWriter.m */; };
		3E3B737018FABAD9003918FB /* ticketViewController.m in Sources */ = {isa = PBXBuildFile; fileRef = 3E3B736F18FABAD9003918FB /* ticketViewController.m */; };
		3E6EE6D218F977F600E437EB /* OpenSans-Bold.ttf in Resources */ = {isa = PBXBuildFile; fileRef = 3E6EE6C818F977F600E437EB /* OpenSans-Bold.ttf */; };
		3E6EE6D318F977F600E437EB /* OpenSans-BoldItalic.ttf in Resources */ = {isa = PBXBuildFile; fileRef = 3E6EE6C918F977F600E437EB /* OpenSans-BoldItalic.ttf */; };
		3E6EE6D418F977F600E437EB /* OpenSans-ExtraBold.ttf in Resources */ = {isa = PBXBuildFile; fileRef = 3E6EE6CA18F977F600E437EB /* OpenSans-ExtraBold.ttf */; };
		3E6EE6D518F977F600E437EB /* OpenSans-ExtraBoldItalic.ttf in Resources */ = {isa = PBXBuildFile; fileRef = 3E6EE6CB18F977F600E437EB /* OpenSans-ExtraBoldItalic.ttf */; };
		3E6EE6D618F977F600E437EB /* OpenSans-Italic.ttf in Resources */ = {isa = PBXBuildFile; fileRef = 3E6EE6CC18F977F600E437EB /* OpenSans-Italic.ttf */; };
		3E6EE6D718F977F600E437EB /* OpenSans-Light.ttf in Resources */ = {isa = PBXBuildFile; fileRef = 3E6EE6CD18F977F600E437EB /* OpenSans-Light.ttf */; };
		3E6EE6D818F977F600E437EB /* OpenSans-LightItalic.ttf in Resources */ = {isa = PBXBuildFile; fileRef = 3E6EE6CE18F977F600E437EB /* OpenSans-LightItalic.ttf */; };
		3E6EE6D918F977F600E437EB /* OpenSans-Regular.ttf in Resources */ = {isa = PBXBuildFile; fileRef = 3E6EE6CF18F977F600E437EB /* OpenSans-Regular.ttf */; };
		3E6EE6DA18F977F600E437EB /* OpenSans-Semibold.ttf in Resources */ = {isa = PBXBuildFile; fileRef = 3E6EE6D018F977F600E437EB /* OpenSans-Semibold.ttf */; };
		3E6EE6DB18F977F600E437EB /* OpenSans-SemiboldItalic.ttf in Resources */ = {isa = PBXBuildFile; fileRef = 3E6EE6D118F977F600E437EB /* OpenSans-SemiboldItalic.ttf */; };
		3E6EE6DE18F984C100E437EB /* loginViewController.m in Sources */ = {isa = PBXBuildFile; fileRef = 3E6EE6DD18F984C100E437EB /* loginViewController.m */; };
		FCB6E90B18F917FE00A7328A /* Foundation.framework in Frameworks */ = {isa = PBXBuildFile; fileRef = FCB6E90A18F917FE00A7328A /* Foundation.framework */; };
		FCB6E90D18F917FE00A7328A /* CoreGraphics.framework in Frameworks */ = {isa = PBXBuildFile; fileRef = FCB6E90C18F917FE00A7328A /* CoreGraphics.framework */; };
		FCB6E90F18F917FE00A7328A /* UIKit.framework in Frameworks */ = {isa = PBXBuildFile; fileRef = FCB6E90E18F917FE00A7328A /* UIKit.framework */; };
		FCB6E91518F917FE00A7328A /* InfoPlist.strings in Resources */ = {isa = PBXBuildFile; fileRef = FCB6E91318F917FE00A7328A /* InfoPlist.strings */; };
		FCB6E91718F917FE00A7328A /* main.m in Sources */ = {isa = PBXBuildFile; fileRef = FCB6E91618F917FE00A7328A /* main.m */; };
		FCB6E91B18F917FE00A7328A /* AppDelegate.m in Sources */ = {isa = PBXBuildFile; fileRef = FCB6E91A18F917FE00A7328A /* AppDelegate.m */; };
		FCB6E91E18F917FE00A7328A /* Main.storyboard in Resources */ = {isa = PBXBuildFile; fileRef = FCB6E91C18F917FE00A7328A /* Main.storyboard */; };
		FCB6E92118F917FE00A7328A /* ViewController.m in Sources */ = {isa = PBXBuildFile; fileRef = FCB6E92018F917FE00A7328A /* ViewController.m */; };
		FCB6E92318F917FE00A7328A /* Images.xcassets in Resources */ = {isa = PBXBuildFile; fileRef = FCB6E92218F917FE00A7328A /* Images.xcassets */; };
		FCB6E92A18F917FE00A7328A /* XCTest.framework in Frameworks */ = {isa = PBXBuildFile; fileRef = FCB6E92918F917FE00A7328A /* XCTest.framework */; };
		FCB6E92B18F917FE00A7328A /* Foundation.framework in Frameworks */ = {isa = PBXBuildFile; fileRef = FCB6E90A18F917FE00A7328A /* Foundation.framework */; };
		FCB6E92C18F917FE00A7328A /* UIKit.framework in Frameworks */ = {isa = PBXBuildFile; fileRef = FCB6E90E18F917FE00A7328A /* UIKit.framework */; };
		FCB6E93418F917FE00A7328A /* InfoPlist.strings in Resources */ = {isa = PBXBuildFile; fileRef = FCB6E93218F917FE00A7328A /* InfoPlist.strings */; };
		FCB6E93618F917FE00A7328A /* FastCheckiPhoneTests.m in Sources */ = {isa = PBXBuildFile; fileRef = FCB6E93518F917FE00A7328A /* FastCheckiPhoneTests.m */; };
		FCB6E98118F93D5100A7328A /* CoreLocation.framework in Frameworks */ = {isa = PBXBuildFile; fileRef = FCB6E98018F93D5100A7328A /* CoreLocation.framework */; };
		FCB6E98318F93D5B00A7328A /* CoreBluetooth.framework in Frameworks */ = {isa = PBXBuildFile; fileRef = FCB6E98218F93D5B00A7328A /* CoreBluetooth.framework */; };
		FCCE1F1C18F966A8000255CD /* JGBeacon.m in Sources */ = {isa = PBXBuildFile; fileRef = FCCE1F1618F966A8000255CD /* JGBeacon.m */; };
		FCCE1F1D18F966A8000255CD /* JGReceiveBeacon.m in Sources */ = {isa = PBXBuildFile; fileRef = FCCE1F1818F966A8000255CD /* JGReceiveBeacon.m */; };
		FCCE1F1E18F966A8000255CD /* JGSendBeacon.m in Sources */ = {isa = PBXBuildFile; fileRef = FCCE1F1A18F966A8000255CD /* JGSendBeacon.m */; };
/* End PBXBuildFile section */

/* Begin PBXContainerItemProxy section */
		FCB6E92D18F917FE00A7328A /* PBXContainerItemProxy */ = {
			isa = PBXContainerItemProxy;
			containerPortal = FCB6E8FF18F917FE00A7328A /* Project object */;
			proxyType = 1;
			remoteGlobalIDString = FCB6E90618F917FE00A7328A;
			remoteInfo = FastCheckiPhone;
		};
/* End PBXContainerItemProxy section */

/* Begin PBXFileReference section */
		3E02267B18FABE420063FFBB /* overlay-icon.png */ = {isa = PBXFileReference; lastKnownFileType = image.png; path = "overlay-icon.png"; sourceTree = "<group>"; };
		3E3B734218F9BADF003918FB /* NSDictionary+BVJSONString.h */ = {isa = PBXFileReference; fileEncoding = 4; lastKnownFileType = sourcecode.c.h; path = "NSDictionary+BVJSONString.h"; sourceTree = "<group>"; };
		3E3B734318F9BADF003918FB /* NSDictionary+BVJSONString.m */ = {isa = PBXFileReference; fileEncoding = 4; lastKnownFileType = sourcecode.c.objc; path = "NSDictionary+BVJSONString.m"; sourceTree = "<group>"; };
		3E3B735918FA3F45003918FB /* JSON.h */ = {isa = PBXFileReference; fileEncoding = 4; lastKnownFileType = sourcecode.c.h; path = JSON.h; sourceTree = "<group>"; };
		3E3B735A18FA3F45003918FB /* NSObject+SBJSON.h */ = {isa = PBXFileReference; fileEncoding = 4; lastKnownFileType = sourcecode.c.h; path = "NSObject+SBJSON.h"; sourceTree = "<group>"; };
		3E3B735B18FA3F45003918FB /* NSObject+SBJSON.m */ = {isa = PBXFileReference; fileEncoding = 4; lastKnownFileType = sourcecode.c.objc; path = "NSObject+SBJSON.m"; sourceTree = "<group>"; };
		3E3B735C18FA3F45003918FB /* NSString+SBJSON.h */ = {isa = PBXFileReference; fileEncoding = 4; lastKnownFileType = sourcecode.c.h; path = "NSString+SBJSON.h"; sourceTree = "<group>"; };
		3E3B735D18FA3F45003918FB /* NSString+SBJSON.m */ = {isa = PBXFileReference; fileEncoding = 4; lastKnownFileType = sourcecode.c.objc; path = "NSString+SBJSON.m"; sourceTree = "<group>"; };
		3E3B735E18FA3F45003918FB /* SBJSON.h */ = {isa = PBXFileReference; fileEncoding = 4; lastKnownFileType = sourcecode.c.h; path = SBJSON.h; sourceTree = "<group>"; };
		3E3B735F18FA3F45003918FB /* SBJSON.m */ = {isa = PBXFileReference; fileEncoding = 4; lastKnownFileType = sourcecode.c.objc; path = SBJSON.m; sourceTree = "<group>"; };
		3E3B736018FA3F45003918FB /* SBJsonBase.h */ = {isa = PBXFileReference; fileEncoding = 4; lastKnownFileType = sourcecode.c.h; path = SBJsonBase.h; sourceTree = "<group>"; };
		3E3B736118FA3F45003918FB /* SBJsonBase.m */ = {isa = PBXFileReference; fileEncoding = 4; lastKnownFileType = sourcecode.c.objc; path = SBJsonBase.m; sourceTree = "<group>"; };
		3E3B736218FA3F45003918FB /* SBJsonParser.h */ = {isa = PBXFileReference; fileEncoding = 4; lastKnownFileType = sourcecode.c.h; path = SBJsonParser.h; sourceTree = "<group>"; };
		3E3B736318FA3F45003918FB /* SBJsonParser.m */ = {isa = PBXFileReference; fileEncoding = 4; lastKnownFileType = sourcecode.c.objc; path = SBJsonParser.m; sourceTree = "<group>"; };
		3E3B736418FA3F45003918FB /* SBJsonWriter.h */ = {isa = PBXFileReference; fileEncoding = 4; lastKnownFileType = sourcecode.c.h; path = SBJsonWriter.h; sourceTree = "<group>"; };
		3E3B736518FA3F45003918FB /* SBJsonWriter.m */ = {isa = PBXFileReference; fileEncoding = 4; lastKnownFileType = sourcecode.c.objc; path = SBJsonWriter.m; sourceTree = "<group>"; };
		3E3B736E18FABAD9003918FB /* ticketViewController.h */ = {isa = PBXFileReference; fileEncoding = 4; lastKnownFileType = sourcecode.c.h; path = ticketViewController.h; sourceTree = "<group>"; };
		3E3B736F18FABAD9003918FB /* ticketViewController.m */ = {isa = PBXFileReference; fileEncoding = 4; lastKnownFileType = sourcecode.c.objc; path = ticketViewController.m; sourceTree = "<group>"; };
		3E6EE6C818F977F600E437EB /* OpenSans-Bold.ttf */ = {isa = PBXFileReference; lastKnownFileType = file; path = "OpenSans-Bold.ttf"; sourceTree = "<group>"; };
		3E6EE6C918F977F600E437EB /* OpenSans-BoldItalic.ttf */ = {isa = PBXFileReference; lastKnownFileType = file; path = "OpenSans-BoldItalic.ttf"; sourceTree = "<group>"; };
		3E6EE6CA18F977F600E437EB /* OpenSans-ExtraBold.ttf */ = {isa = PBXFileReference; lastKnownFileType = file; path = "OpenSans-ExtraBold.ttf"; sourceTree = "<group>"; };
		3E6EE6CB18F977F600E437EB /* OpenSans-ExtraBoldItalic.ttf */ = {isa = PBXFileReference; lastKnownFileType = file; path = "OpenSans-ExtraBoldItalic.ttf"; sourceTree = "<group>"; };
		3E6EE6CC18F977F600E437EB /* OpenSans-Italic.ttf */ = {isa = PBXFileReference; lastKnownFileType = file; path = "OpenSans-Italic.ttf"; sourceTree = "<group>"; };
		3E6EE6CD18F977F600E437EB /* OpenSans-Light.ttf */ = {isa = PBXFileReference; lastKnownFileType = file; path = "OpenSans-Light.ttf"; sourceTree = "<group>"; };
		3E6EE6CE18F977F600E437EB /* OpenSans-LightItalic.ttf */ = {isa = PBXFileReference; lastKnownFileType = file; path = "OpenSans-LightItalic.ttf"; sourceTree = "<group>"; };
		3E6EE6CF18F977F600E437EB /* OpenSans-Regular.ttf */ = {isa = PBXFileReference; lastKnownFileType = file; path = "OpenSans-Regular.ttf"; sourceTree = "<group>"; };
		3E6EE6D018F977F600E437EB /* OpenSans-Semibold.ttf */ = {isa = PBXFileReference; lastKnownFileType = file; path = "OpenSans-Semibold.ttf"; sourceTree = "<group>"; };
		3E6EE6D118F977F600E437EB /* OpenSans-SemiboldItalic.ttf */ = {isa = PBXFileReference; lastKnownFileType = file; path = "OpenSans-SemiboldItalic.ttf"; sourceTree = "<group>"; };
		3E6EE6DC18F984C100E437EB /* loginViewController.h */ = {isa = PBXFileReference; fileEncoding = 4; lastKnownFileType = sourcecode.c.h; path = loginViewController.h; sourceTree = "<group>"; };
		3E6EE6DD18F984C100E437EB /* loginViewController.m */ = {isa = PBXFileReference; fileEncoding = 4; lastKnownFileType = sourcecode.c.objc; path = loginViewController.m; sourceTree = "<group>"; };
		FCB6E90718F917FE00A7328A /* FastCheckiPhone.app */ = {isa = PBXFileReference; explicitFileType = wrapper.application; includeInIndex = 0; path = FastCheckiPhone.app; sourceTree = BUILT_PRODUCTS_DIR; };
		FCB6E90A18F917FE00A7328A /* Foundation.framework */ = {isa = PBXFileReference; lastKnownFileType = wrapper.framework; name = Foundation.framework; path = System/Library/Frameworks/Foundation.framework; sourceTree = SDKROOT; };
		FCB6E90C18F917FE00A7328A /* CoreGraphics.framework */ = {isa = PBXFileReference; lastKnownFileType = wrapper.framework; name = CoreGraphics.framework; path = System/Library/Frameworks/CoreGraphics.framework; sourceTree = SDKROOT; };
		FCB6E90E18F917FE00A7328A /* UIKit.framework */ = {isa = PBXFileReference; lastKnownFileType = wrapper.framework; name = UIKit.framework; path = System/Library/Frameworks/UIKit.framework; sourceTree = SDKROOT; };
		FCB6E91218F917FE00A7328A /* FastCheckiPhone-Info.plist */ = {isa = PBXFileReference; lastKnownFileType = text.plist.xml; path = "FastCheckiPhone-Info.plist"; sourceTree = "<group>"; };
		FCB6E91418F917FE00A7328A /* en */ = {isa = PBXFileReference; lastKnownFileType = text.plist.strings; name = en; path = en.lproj/InfoPlist.strings; sourceTree = "<group>"; };
		FCB6E91618F917FE00A7328A /* main.m */ = {isa = PBXFileReference; lastKnownFileType = sourcecode.c.objc; path = main.m; sourceTree = "<group>"; };
		FCB6E91818F917FE00A7328A /* FastCheckiPhone-Prefix.pch */ = {isa = PBXFileReference; lastKnownFileType = sourcecode.c.h; path = "FastCheckiPhone-Prefix.pch"; sourceTree = "<group>"; };
		FCB6E91918F917FE00A7328A /* AppDelegate.h */ = {isa = PBXFileReference; lastKnownFileType = sourcecode.c.h; path = AppDelegate.h; sourceTree = "<group>"; };
		FCB6E91A18F917FE00A7328A /* AppDelegate.m */ = {isa = PBXFileReference; lastKnownFileType = sourcecode.c.objc; path = AppDelegate.m; sourceTree = "<group>"; };
		FCB6E91D18F917FE00A7328A /* Base */ = {isa = PBXFileReference; lastKnownFileType = file.storyboard; name = Base; path = Base.lproj/Main.storyboard; sourceTree = "<group>"; };
		FCB6E91F18F917FE00A7328A /* ViewController.h */ = {isa = PBXFileReference; lastKnownFileType = sourcecode.c.h; path = ViewController.h; sourceTree = "<group>"; };
		FCB6E92018F917FE00A7328A /* ViewController.m */ = {isa = PBXFileReference; lastKnownFileType = sourcecode.c.objc; path = ViewController.m; sourceTree = "<group>"; };
		FCB6E92218F917FE00A7328A /* Images.xcassets */ = {isa = PBXFileReference; lastKnownFileType = folder.assetcatalog; path = Images.xcassets; sourceTree = "<group>"; };
		FCB6E92818F917FE00A7328A /* FastCheckiPhoneTests.xctest */ = {isa = PBXFileReference; explicitFileType = wrapper.cfbundle; includeInIndex = 0; path = FastCheckiPhoneTests.xctest; sourceTree = BUILT_PRODUCTS_DIR; };
		FCB6E92918F917FE00A7328A /* XCTest.framework */ = {isa = PBXFileReference; lastKnownFileType = wrapper.framework; name = XCTest.framework; path = Library/Frameworks/XCTest.framework; sourceTree = DEVELOPER_DIR; };
		FCB6E93118F917FE00A7328A /* FastCheckiPhoneTests-Info.plist */ = {isa = PBXFileReference; lastKnownFileType = text.plist.xml; path = "FastCheckiPhoneTests-Info.plist"; sourceTree = "<group>"; };
		FCB6E93318F917FE00A7328A /* en */ = {isa = PBXFileReference; lastKnownFileType = text.plist.strings; name = en; path = en.lproj/InfoPlist.strings; sourceTree = "<group>"; };
		FCB6E93518F917FE00A7328A /* FastCheckiPhoneTests.m */ = {isa = PBXFileReference; lastKnownFileType = sourcecode.c.objc; path = FastCheckiPhoneTests.m; sourceTree = "<group>"; };
		FCB6E98018F93D5100A7328A /* CoreLocation.framework */ = {isa = PBXFileReference; lastKnownFileType = wrapper.framework; name = CoreLocation.framework; path = System/Library/Frameworks/CoreLocation.framework; sourceTree = SDKROOT; };
		FCB6E98218F93D5B00A7328A /* CoreBluetooth.framework */ = {isa = PBXFileReference; lastKnownFileType = wrapper.framework; name = CoreBluetooth.framework; path = System/Library/Frameworks/CoreBluetooth.framework; sourceTree = SDKROOT; };
		FCCE1F1518F966A8000255CD /* JGBeacon.h */ = {isa = PBXFileReference; fileEncoding = 4; lastKnownFileType = sourcecode.c.h; name = JGBeacon.h; path = ../../../JGBeacon/JGBeacon.h; sourceTree = "<group>"; };
		FCCE1F1618F966A8000255CD /* JGBeacon.m */ = {isa = PBXFileReference; fileEncoding = 4; lastKnownFileType = sourcecode.c.objc; name = JGBeacon.m; path = ../../../JGBeacon/JGBeacon.m; sourceTree = "<group>"; };
		FCCE1F1718F966A8000255CD /* JGReceiveBeacon.h */ = {isa = PBXFileReference; fileEncoding = 4; lastKnownFileType = sourcecode.c.h; name = JGReceiveBeacon.h; path = ../../../JGBeacon/JGReceiveBeacon.h; sourceTree = "<group>"; };
		FCCE1F1818F966A8000255CD /* JGReceiveBeacon.m */ = {isa = PBXFileReference; fileEncoding = 4; lastKnownFileType = sourcecode.c.objc; name = JGReceiveBeacon.m; path = ../../../JGBeacon/JGReceiveBeacon.m; sourceTree = "<group>"; };
		FCCE1F1918F966A8000255CD /* JGSendBeacon.h */ = {isa = PBXFileReference; fileEncoding = 4; lastKnownFileType = sourcecode.c.h; name = JGSendBeacon.h; path = ../../../JGBeacon/JGSendBeacon.h; sourceTree = "<group>"; };
		FCCE1F1A18F966A8000255CD /* JGSendBeacon.m */ = {isa = PBXFileReference; fileEncoding = 4; lastKnownFileType = sourcecode.c.objc; name = JGSendBeacon.m; path = ../../../JGBeacon/JGSendBeacon.m; sourceTree = "<group>"; };
		FCCE1F1B18F966A8000255CD /* TransferService.h */ = {isa = PBXFileReference; fileEncoding = 4; lastKnownFileType = sourcecode.c.h; name = TransferService.h; path = ../../../JGBeacon/TransferService.h; sourceTree = "<group>"; };
/* End PBXFileReference section */

/* Begin PBXFrameworksBuildPhase section */
		FCB6E90418F917FE00A7328A /* Frameworks */ = {
			isa = PBXFrameworksBuildPhase;
			buildActionMask = 2147483647;
			files = (
				FCB6E98318F93D5B00A7328A /* CoreBluetooth.framework in Frameworks */,
				FCB6E98118F93D5100A7328A /* CoreLocation.framework in Frameworks */,
				FCB6E90D18F917FE00A7328A /* CoreGraphics.framework in Frameworks */,
				FCB6E90F18F917FE00A7328A /* UIKit.framework in Frameworks */,
				FCB6E90B18F917FE00A7328A /* Foundation.framework in Frameworks */,
			);
			runOnlyForDeploymentPostprocessing = 0;
		};
		FCB6E92518F917FE00A7328A /* Frameworks */ = {
			isa = PBXFrameworksBuildPhase;
			buildActionMask = 2147483647;
			files = (
				FCB6E92A18F917FE00A7328A /* XCTest.framework in Frameworks */,
				FCB6E92C18F917FE00A7328A /* UIKit.framework in Frameworks */,
				FCB6E92B18F917FE00A7328A /* Foundation.framework in Frameworks */,
			);
			runOnlyForDeploymentPostprocessing = 0;
		};
/* End PBXFrameworksBuildPhase section */

/* Begin PBXGroup section */
		3E3B736C18FA3F4D003918FB /* SBJSON */ = {
			isa = PBXGroup;
			children = (
				3E3B735918FA3F45003918FB /* JSON.h */,
				3E3B735A18FA3F45003918FB /* NSObject+SBJSON.h */,
				3E3B735B18FA3F45003918FB /* NSObject+SBJSON.m */,
				3E3B735C18FA3F45003918FB /* NSString+SBJSON.h */,
				3E3B735D18FA3F45003918FB /* NSString+SBJSON.m */,
				3E3B735E18FA3F45003918FB /* SBJSON.h */,
				3E3B735F18FA3F45003918FB /* SBJSON.m */,
				3E3B736018FA3F45003918FB /* SBJsonBase.h */,
				3E3B736118FA3F45003918FB /* SBJsonBase.m */,
				3E3B736218FA3F45003918FB /* SBJsonParser.h */,
				3E3B736318FA3F45003918FB /* SBJsonParser.m */,
				3E3B736418FA3F45003918FB /* SBJsonWriter.h */,
				3E3B736518FA3F45003918FB /* SBJsonWriter.m */,
			);
			name = SBJSON;
			sourceTree = "<group>";
		};
		3E3B736D18FA3F66003918FB /* Libraries */ = {
			isa = PBXGroup;
			children = (
				3E3B736C18FA3F4D003918FB /* SBJSON */,
				FCCE1F1418F9669A000255CD /* JGBeacon */,
				3E3B734218F9BADF003918FB /* NSDictionary+BVJSONString.h */,
				3E3B734318F9BADF003918FB /* NSDictionary+BVJSONString.m */,
			);
			name = Libraries;
			sourceTree = "<group>";
		};
		FCB6E8FE18F917FE00A7328A = {
			isa = PBXGroup;
			children = (
				FCB6E91018F917FE00A7328A /* FastCheckiPhone */,
				FCB6E92F18F917FE00A7328A /* FastCheckiPhoneTests */,
				FCB6E90918F917FE00A7328A /* Frameworks */,
				FCB6E90818F917FE00A7328A /* Products */,
			);
			sourceTree = "<group>";
		};
		FCB6E90818F917FE00A7328A /* Products */ = {
			isa = PBXGroup;
			children = (
				FCB6E90718F917FE00A7328A /* FastCheckiPhone.app */,
				FCB6E92818F917FE00A7328A /* FastCheckiPhoneTests.xctest */,
			);
			name = Products;
			sourceTree = "<group>";
		};
		FCB6E90918F917FE00A7328A /* Frameworks */ = {
			isa = PBXGroup;
			children = (
				FCB6E98218F93D5B00A7328A /* CoreBluetooth.framework */,
				FCB6E98018F93D5100A7328A /* CoreLocation.framework */,
				FCB6E90A18F917FE00A7328A /* Foundation.framework */,
				FCB6E90C18F917FE00A7328A /* CoreGraphics.framework */,
				FCB6E90E18F917FE00A7328A /* UIKit.framework */,
				FCB6E92918F917FE00A7328A /* XCTest.framework */,
			);
			name = Frameworks;
			sourceTree = "<group>";
		};
		FCB6E91018F917FE00A7328A /* FastCheckiPhone */ = {
			isa = PBXGroup;
			children = (
				3E3B736D18FA3F66003918FB /* Libraries */,
				FCB6E91918F917FE00A7328A /* AppDelegate.h */,
				FCB6E91A18F917FE00A7328A /* AppDelegate.m */,
				FCB6E91C18F917FE00A7328A /* Main.storyboard */,
				FCB6E91F18F917FE00A7328A /* ViewController.h */,
				FCB6E92018F917FE00A7328A /* ViewController.m */,
				3E6EE6DC18F984C100E437EB /* loginViewController.h */,
				3E6EE6DD18F984C100E437EB /* loginViewController.m */,
				3E3B736E18FABAD9003918FB /* ticketViewController.h */,
				3E3B736F18FABAD9003918FB /* ticketViewController.m */,
				FCB6E92218F917FE00A7328A /* Images.xcassets */,
				FCB6E91118F917FE00A7328A /* Supporting Files */,
			);
			path = FastCheckiPhone;
			sourceTree = "<group>";
		};
		FCB6E91118F917FE00A7328A /* Supporting Files */ = {
			isa = PBXGroup;
			children = (
				3E02267B18FABE420063FFBB /* overlay-icon.png */,
				3E6EE6C818F977F600E437EB /* OpenSans-Bold.ttf */,
				3E6EE6C918F977F600E437EB /* OpenSans-BoldItalic.ttf */,
				3E6EE6CA18F977F600E437EB /* OpenSans-ExtraBold.ttf */,
				3E6EE6CB18F977F600E437EB /* OpenSans-ExtraBoldItalic.ttf */,
				3E6EE6CC18F977F600E437EB /* OpenSans-Italic.ttf */,
				3E6EE6CD18F977F600E437EB /* OpenSans-Light.ttf */,
				3E6EE6CE18F977F600E437EB /* OpenSans-LightItalic.ttf */,
				3E6EE6CF18F977F600E437EB /* OpenSans-Regular.ttf */,
				3E6EE6D018F977F600E437EB /* OpenSans-Semibold.ttf */,
				3E6EE6D118F977F600E437EB /* OpenSans-SemiboldItalic.ttf */,
				FCB6E91218F917FE00A7328A /* FastCheckiPhone-Info.plist */,
				FCB6E91318F917FE00A7328A /* InfoPlist.strings */,
				FCB6E91618F917FE00A7328A /* main.m */,
				FCB6E91818F917FE00A7328A /* FastCheckiPhone-Prefix.pch */,
			);
			name = "Supporting Files";
			sourceTree = "<group>";
		};
		FCB6E92F18F917FE00A7328A /* FastCheckiPhoneTests */ = {
			isa = PBXGroup;
			children = (
				FCB6E93518F917FE00A7328A /* FastCheckiPhoneTests.m */,
				FCB6E93018F917FE00A7328A /* Supporting Files */,
			);
			path = FastCheckiPhoneTests;
			sourceTree = "<group>";
		};
		FCB6E93018F917FE00A7328A /* Supporting Files */ = {
			isa = PBXGroup;
			children = (
				FCB6E93118F917FE00A7328A /* FastCheckiPhoneTests-Info.plist */,
				FCB6E93218F917FE00A7328A /* InfoPlist.strings */,
			);
			name = "Supporting Files";
			sourceTree = "<group>";
		};
		FCCE1F1418F9669A000255CD /* JGBeacon */ = {
			isa = PBXGroup;
			children = (
				FCCE1F1518F966A8000255CD /* JGBeacon.h */,
				FCCE1F1618F966A8000255CD /* JGBeacon.m */,
				FCCE1F1718F966A8000255CD /* JGReceiveBeacon.h */,
				FCCE1F1818F966A8000255CD /* JGReceiveBeacon.m */,
				FCCE1F1918F966A8000255CD /* JGSendBeacon.h */,
				FCCE1F1A18F966A8000255CD /* JGSendBeacon.m */,
				FCCE1F1B18F966A8000255CD /* TransferService.h */,
			);
			name = JGBeacon;
			sourceTree = "<group>";
		};
/* End PBXGroup section */

/* Begin PBXNativeTarget section */
		FCB6E90618F917FE00A7328A /* FastCheckiPhone */ = {
			isa = PBXNativeTarget;
			buildConfigurationList = FCB6E93918F917FE00A7328A /* Build configuration list for PBXNativeTarget "FastCheckiPhone" */;
			buildPhases = (
				FCB6E90318F917FE00A7328A /* Sources */,
				FCB6E90418F917FE00A7328A /* Frameworks */,
				FCB6E90518F917FE00A7328A /* Resources */,
			);
			buildRules = (
			);
			dependencies = (
			);
			name = FastCheckiPhone;
			productName = FastCheckiPhone;
			productReference = FCB6E90718F917FE00A7328A /* FastCheckiPhone.app */;
			productType = "com.apple.product-type.application";
		};
		FCB6E92718F917FE00A7328A /* FastCheckiPhoneTests */ = {
			isa = PBXNativeTarget;
			buildConfigurationList = FCB6E93C18F917FE00A7328A /* Build configuration list for PBXNativeTarget "FastCheckiPhoneTests" */;
			buildPhases = (
				FCB6E92418F917FE00A7328A /* Sources */,
				FCB6E92518F917FE00A7328A /* Frameworks */,
				FCB6E92618F917FE00A7328A /* Resources */,
			);
			buildRules = (
			);
			dependencies = (
				FCB6E92E18F917FE00A7328A /* PBXTargetDependency */,
			);
			name = FastCheckiPhoneTests;
			productName = FastCheckiPhoneTests;
			productReference = FCB6E92818F917FE00A7328A /* FastCheckiPhoneTests.xctest */;
			productType = "com.apple.product-type.bundle.unit-test";
		};
/* End PBXNativeTarget section */

/* Begin PBXProject section */
		FCB6E8FF18F917FE00A7328A /* Project object */ = {
			isa = PBXProject;
			attributes = {
				LastUpgradeCheck = 0510;
				ORGANIZATIONNAME = "we so cool";
				TargetAttributes = {
					FCB6E92718F917FE00A7328A = {
						TestTargetID = FCB6E90618F917FE00A7328A;
					};
				};
			};
			buildConfigurationList = FCB6E90218F917FE00A7328A /* Build configuration list for PBXProject "FastCheckiPhone" */;
			compatibilityVersion = "Xcode 3.2";
			developmentRegion = English;
			hasScannedForEncodings = 0;
			knownRegions = (
				en,
				Base,
			);
			mainGroup = FCB6E8FE18F917FE00A7328A;
			productRefGroup = FCB6E90818F917FE00A7328A /* Products */;
			projectDirPath = "";
			projectRoot = "";
			targets = (
				FCB6E90618F917FE00A7328A /* FastCheckiPhone */,
				FCB6E92718F917FE00A7328A /* FastCheckiPhoneTests */,
			);
		};
/* End PBXProject section */

/* Begin PBXResourcesBuildPhase section */
		FCB6E90518F917FE00A7328A /* Resources */ = {
			isa = PBXResourcesBuildPhase;
			buildActionMask = 2147483647;
			files = (
				3E6EE6DA18F977F600E437EB /* OpenSans-Semibold.ttf in Resources */,
				3E6EE6DB18F977F600E437EB /* OpenSans-SemiboldItalic.ttf in Resources */,
				FCB6E92318F917FE00A7328A /* Images.xcassets in Resources */,
				3E6EE6D918F977F600E437EB /* OpenSans-Regular.ttf in Resources */,
				3E6EE6D618F977F600E437EB /* OpenSans-Italic.ttf in Resources */,
				3E6EE6D518F977F600E437EB /* OpenSans-ExtraBoldItalic.ttf in Resources */,
				FCB6E91518F917FE00A7328A /* InfoPlist.strings in Resources */,
				3E02267C18FABE420063FFBB /* overlay-icon.png in Resources */,
				3E6EE6D818F977F600E437EB /* OpenSans-LightItalic.ttf in Resources */,
				3E6EE6D218F977F600E437EB /* OpenSans-Bold.ttf in Resources */,
				FCB6E91E18F917FE00A7328A /* Main.storyboard in Resources */,
				3E6EE6D718F977F600E437EB /* OpenSans-Light.ttf in Resources */,
				3E6EE6D318F977F600E437EB /* OpenSans-BoldItalic.ttf in Resources */,
				3E6EE6D418F977F600E437EB /* OpenSans-ExtraBold.ttf in Resources */,
			);
			runOnlyForDeploymentPostprocessing = 0;
		};
		FCB6E92618F917FE00A7328A /* Resources */ = {
			isa = PBXResourcesBuildPhase;
			buildActionMask = 2147483647;
			files = (
				FCB6E93418F917FE00A7328A /* InfoPlist.strings in Resources */,
			);
			runOnlyForDeploymentPostprocessing = 0;
		};
/* End PBXResourcesBuildPhase section */

/* Begin PBXSourcesBuildPhase section */
		FCB6E90318F917FE00A7328A /* Sources */ = {
			isa = PBXSourcesBuildPhase;
			buildActionMask = 2147483647;
			files = (
				3E3B736718FA3F45003918FB /* NSString+SBJSON.m in Sources */,
				3E3B736918FA3F45003918FB /* SBJsonBase.m in Sources */,
				FCB6E92118F917FE00A7328A /* ViewController.m in Sources */,
				3E3B734418F9BADF003918FB /* NSDictionary+BVJSONString.m in Sources */,
				3E3B736A18FA3F45003918FB /* SBJsonParser.m in Sources */,
				FCCE1F1D18F966A8000255CD /* JGReceiveBeacon.m in Sources */,
				FCB6E91B18F917FE00A7328A /* AppDelegate.m in Sources */,
				3E3B736B18FA3F45003918FB /* SBJsonWriter.m in Sources */,
				3E3B736618FA3F45003918FB /* NSObject+SBJSON.m in Sources */,
				3E6EE6DE18F984C100E437EB /* loginViewController.m in Sources */,
				3E3B737018FABAD9003918FB /* ticketViewController.m in Sources */,
				FCCE1F1C18F966A8000255CD /* JGBeacon.m in Sources */,
				FCCE1F1E18F966A8000255CD /* JGSendBeacon.m in Sources */,
				FCB6E91718F917FE00A7328A /* main.m in Sources */,
				3E3B736818FA3F45003918FB /* SBJSON.m in Sources */,
			);
			runOnlyForDeploymentPostprocessing = 0;
		};
		FCB6E92418F917FE00A7328A /* Sources */ = {
			isa = PBXSourcesBuildPhase;
			buildActionMask = 2147483647;
			files = (
				FCB6E93618F917FE00A7328A /* FastCheckiPhoneTests.m in Sources */,
			);
			runOnlyForDeploymentPostprocessing = 0;
		};
/* End PBXSourcesBuildPhase section */

/* Begin PBXTargetDependency section */
		FCB6E92E18F917FE00A7328A /* PBXTargetDependency */ = {
			isa = PBXTargetDependency;
			target = FCB6E90618F917FE00A7328A /* FastCheckiPhone */;
			targetProxy = FCB6E92D18F917FE00A7328A /* PBXContainerItemProxy */;
		};
/* End PBXTargetDependency section */

/* Begin PBXVariantGroup section */
		FCB6E91318F917FE00A7328A /* InfoPlist.strings */ = {
			isa = PBXVariantGroup;
			children = (
				FCB6E91418F917FE00A7328A /* en */,
			);
			name = InfoPlist.strings;
			sourceTree = "<group>";
		};
		FCB6E91C18F917FE00A7328A /* Main.storyboard */ = {
			isa = PBXVariantGroup;
			children = (
				FCB6E91D18F917FE00A7328A /* Base */,
			);
			name = Main.storyboard;
			sourceTree = "<group>";
		};
		FCB6E93218F917FE00A7328A /* InfoPlist.strings */ = {
			isa = PBXVariantGroup;
			children = (
				FCB6E93318F917FE00A7328A /* en */,
			);
			name = InfoPlist.strings;
			sourceTree = "<group>";
		};
/* End PBXVariantGroup section */

/* Begin XCBuildConfiguration section */
		FCB6E93718F917FE00A7328A /* Debug */ = {
			isa = XCBuildConfiguration;
			buildSettings = {
				ALWAYS_SEARCH_USER_PATHS = NO;
				CLANG_CXX_LANGUAGE_STANDARD = "gnu++0x";
				CLANG_CXX_LIBRARY = "libc++";
				CLANG_ENABLE_MODULES = YES;
				CLANG_ENABLE_OBJC_ARC = YES;
				CLANG_WARN_BOOL_CONVERSION = YES;
				CLANG_WARN_CONSTANT_CONVERSION = YES;
				CLANG_WARN_DIRECT_OBJC_ISA_USAGE = YES_ERROR;
				CLANG_WARN_EMPTY_BODY = YES;
				CLANG_WARN_ENUM_CONVERSION = YES;
				CLANG_WARN_INT_CONVERSION = YES;
				CLANG_WARN_OBJC_ROOT_CLASS = YES_ERROR;
				CLANG_WARN__DUPLICATE_METHOD_MATCH = YES;
				"CODE_SIGN_IDENTITY[sdk=iphoneos*]" = "iPhone Developer";
				COPY_PHASE_STRIP = NO;
				GCC_C_LANGUAGE_STANDARD = gnu99;
				GCC_DYNAMIC_NO_PIC = NO;
				GCC_OPTIMIZATION_LEVEL = 0;
				GCC_PREPROCESSOR_DEFINITIONS = (
					"DEBUG=1",
					"$(inherited)",
				);
				GCC_SYMBOLS_PRIVATE_EXTERN = NO;
				GCC_WARN_64_TO_32_BIT_CONVERSION = YES;
				GCC_WARN_ABOUT_RETURN_TYPE = YES_ERROR;
				GCC_WARN_UNDECLARED_SELECTOR = YES;
				GCC_WARN_UNINITIALIZED_AUTOS = YES_AGGRESSIVE;
				GCC_WARN_UNUSED_FUNCTION = YES;
				GCC_WARN_UNUSED_VARIABLE = YES;
				IPHONEOS_DEPLOYMENT_TARGET = 7.1;
				ONLY_ACTIVE_ARCH = YES;
				SDKROOT = iphoneos;
			};
			name = Debug;
		};
		FCB6E93818F917FE00A7328A /* Release */ = {
			isa = XCBuildConfiguration;
			buildSettings = {
				ALWAYS_SEARCH_USER_PATHS = NO;
				CLANG_CXX_LANGUAGE_STANDARD = "gnu++0x";
				CLANG_CXX_LIBRARY = "libc++";
				CLANG_ENABLE_MODULES = YES;
				CLANG_ENABLE_OBJC_ARC = YES;
				CLANG_WARN_BOOL_CONVERSION = YES;
				CLANG_WARN_CONSTANT_CONVERSION = YES;
				CLANG_WARN_DIRECT_OBJC_ISA_USAGE = YES_ERROR;
				CLANG_WARN_EMPTY_BODY = YES;
				CLANG_WARN_ENUM_CONVERSION = YES;
				CLANG_WARN_INT_CONVERSION = YES;
				CLANG_WARN_OBJC_ROOT_CLASS = YES_ERROR;
				CLANG_WARN__DUPLICATE_METHOD_MATCH = YES;
				"CODE_SIGN_IDENTITY[sdk=iphoneos*]" = "iPhone Developer";
				COPY_PHASE_STRIP = YES;
				ENABLE_NS_ASSERTIONS = NO;
				GCC_C_LANGUAGE_STANDARD = gnu99;
				GCC_WARN_64_TO_32_BIT_CONVERSION = YES;
				GCC_WARN_ABOUT_RETURN_TYPE = YES_ERROR;
				GCC_WARN_UNDECLARED_SELECTOR = YES;
				GCC_WARN_UNINITIALIZED_AUTOS = YES_AGGRESSIVE;
				GCC_WARN_UNUSED_FUNCTION = YES;
				GCC_WARN_UNUSED_VARIABLE = YES;
				IPHONEOS_DEPLOYMENT_TARGET = 7.1;
				SDKROOT = iphoneos;
				VALIDATE_PRODUCT = YES;
			};
			name = Release;
		};
		FCB6E93A18F917FE00A7328A /* Debug */ = {
			isa = XCBuildConfiguration;
			buildSettings = {
				ASSETCATALOG_COMPILER_APPICON_NAME = AppIcon;
				ASSETCATALOG_COMPILER_LAUNCHIMAGE_NAME = LaunchImage;
				CODE_SIGN_IDENTITY = "iPhone Developer";
				FRAMEWORK_SEARCH_PATHS = (
					"$(inherited)",
					"$(PROJECT_DIR)",
				);
				GCC_PRECOMPILE_PREFIX_HEADER = YES;
				GCC_PREFIX_HEADER = "FastCheckiPhone/FastCheckiPhone-Prefix.pch";
				INFOPLIST_FILE = "FastCheckiPhone/FastCheckiPhone-Info.plist";
				PRODUCT_NAME = "$(TARGET_NAME)";
				WRAPPER_EXTENSION = app;
			};
			name = Debug;
		};
		FCB6E93B18F917FE00A7328A /* Release */ = {
			isa = XCBuildConfiguration;
			buildSettings = {
				ASSETCATALOG_COMPILER_APPICON_NAME = AppIcon;
				ASSETCATALOG_COMPILER_LAUNCHIMAGE_NAME = LaunchImage;
				CODE_SIGN_IDENTITY = "iPhone Developer";
				FRAMEWORK_SEARCH_PATHS = (
					"$(inherited)",
					"$(PROJECT_DIR)",
				);
				GCC_PRECOMPILE_PREFIX_HEADER = YES;
				GCC_PREFIX_HEADER = "FastCheckiPhone/FastCheckiPhone-Prefix.pch";
				INFOPLIST_FILE = "FastCheckiPhone/FastCheckiPhone-Info.plist";
				PRODUCT_NAME = "$(TARGET_NAME)";
				WRAPPER_EXTENSION = app;
			};
			name = Release;
		};
		FCB6E93D18F917FE00A7328A /* Debug */ = {
			isa = XCBuildConfiguration;
			buildSettings = {
				BUNDLE_LOADER = "$(BUILT_PRODUCTS_DIR)/FastCheckiPhone.app/FastCheckiPhone";
				FRAMEWORK_SEARCH_PATHS = (
					"$(SDKROOT)/Developer/Library/Frameworks",
					"$(inherited)",
					"$(DEVELOPER_FRAMEWORKS_DIR)",
				);
				GCC_PRECOMPILE_PREFIX_HEADER = YES;
				GCC_PREFIX_HEADER = "FastCheckiPhone/FastCheckiPhone-Prefix.pch";
				GCC_PREPROCESSOR_DEFINITIONS = (
					"DEBUG=1",
					"$(inherited)",
				);
				INFOPLIST_FILE = "FastCheckiPhoneTests/FastCheckiPhoneTests-Info.plist";
				PRODUCT_NAME = "$(TARGET_NAME)";
				TEST_HOST = "$(BUNDLE_LOADER)";
				WRAPPER_EXTENSION = xctest;
			};
			name = Debug;
		};
		FCB6E93E18F917FE00A7328A /* Release */ = {
			isa = XCBuildConfiguration;
			buildSettings = {
				BUNDLE_LOADER = "$(BUILT_PRODUCTS_DIR)/FastCheckiPhone.app/FastCheckiPhone";
				FRAMEWORK_SEARCH_PATHS = (
					"$(SDKROOT)/Developer/Library/Frameworks",
					"$(inherited)",
					"$(DEVELOPER_FRAMEWORKS_DIR)",
				);
				GCC_PRECOMPILE_PREFIX_HEADER = YES;
				GCC_PREFIX_HEADER = "FastCheckiPhone/FastCheckiPhone-Prefix.pch";
				INFOPLIST_FILE = "FastCheckiPhoneTests/FastCheckiPhoneTests-Info.plist";
				PRODUCT_NAME = "$(TARGET_NAME)";
				TEST_HOST = "$(BUNDLE_LOADER)";
				WRAPPER_EXTENSION = xctest;
			};
			name = Release;
		};
/* End XCBuildConfiguration section */

/* Begin XCConfigurationList section */
		FCB6E90218F917FE00A7328A /* Build configuration list for PBXProject "FastCheckiPhone" */ = {
			isa = XCConfigurationList;
			buildConfigurations = (
				FCB6E93718F917FE00A7328A /* Debug */,
				FCB6E93818F917FE00A7328A /* Release */,
			);
			defaultConfigurationIsVisible = 0;
			defaultConfigurationName = Release;
		};
		FCB6E93918F917FE00A7328A /* Build configuration list for PBXNativeTarget "FastCheckiPhone" */ = {
			isa = XCConfigurationList;
			buildConfigurations = (
				FCB6E93A18F917FE00A7328A /* Debug */,
				FCB6E93B18F917FE00A7328A /* Release */,
			);
			defaultConfigurationIsVisible = 0;
			defaultConfigurationName = Release;
		};
		FCB6E93C18F917FE00A7328A /* Build configuration list for PBXNativeTarget "FastCheckiPhoneTests" */ = {
			isa = XCConfigurationList;
			buildConfigurations = (
				FCB6E93D18F917FE00A7328A /* Debug */,
				FCB6E93E18F917FE00A7328A /* Release */,
			);
			defaultConfigurationIsVisible = 0;
			defaultConfigurationName = Release;
		};
/* End XCConfigurationList section */
	};
	rootObject = FCB6E8FF18F917FE00A7328A /* Project object */;
}
